// !$*UTF8*$!
{
	archiveVersion = 1;
	classes = {
	};
	objectVersion = 46;
	objects = {

/* Begin PBXBuildFile section */
		9412E2F519A9FAC7008D243C /* Book.m in Sources */ = {isa = PBXBuildFile; fileRef = 9412E2F419A9FAC7008D243C /* Book.m */; };
		9412E2FB19AA0D82008D243C /* BookTableViewCell.m in Sources */ = {isa = PBXBuildFile; fileRef = 9412E2FA19AA0D82008D243C /* BookTableViewCell.m */; };
		945E933019D42065002EC733 /* CreateCommentViewController.m in Sources */ = {isa = PBXBuildFile; fileRef = 945E932F19D42065002EC733 /* CreateCommentViewController.m */; };
		9471D41119D2C3DD00AEBE7D /* CacheManager.m in Sources */ = {isa = PBXBuildFile; fileRef = 9471D41019D2C3DD00AEBE7D /* CacheManager.m */; };
		9471DBEF19A5837700F1A291 /* main.m in Sources */ = {isa = PBXBuildFile; fileRef = 9471DBEE19A5837700F1A291 /* main.m */; };
		9471DBF219A5837700F1A291 /* AppDelegate.m in Sources */ = {isa = PBXBuildFile; fileRef = 9471DBF119A5837700F1A291 /* AppDelegate.m */; };
		9471DBF519A5837700F1A291 /* JieShuQuan.xcdatamodeld in Sources */ = {isa = PBXBuildFile; fileRef = 9471DBF319A5837700F1A291 /* JieShuQuan.xcdatamodeld */; };
		9471DBFB19A5837700F1A291 /* Main.storyboard in Resources */ = {isa = PBXBuildFile; fileRef = 9471DBF919A5837700F1A291 /* Main.storyboard */; };
		9471DBFD19A5837700F1A291 /* Images.xcassets in Resources */ = {isa = PBXBuildFile; fileRef = 9471DBFC19A5837700F1A291 /* Images.xcassets */; };
		9471DC0919A5837700F1A291 /* JieShuQuanTests.m in Sources */ = {isa = PBXBuildFile; fileRef = 9471DC0819A5837700F1A291 /* JieShuQuanTests.m */; };
		9471DC2719A9689E00F1A291 /* MyBooksTableViewController.m in Sources */ = {isa = PBXBuildFile; fileRef = 9471DC2619A9689E00F1A291 /* MyBooksTableViewController.m */; };
		9471DC2B19A974AB00F1A291 /* PreLoginView.m in Sources */ = {isa = PBXBuildFile; fileRef = 9471DC2A19A974AB00F1A291 /* PreLoginView.m */; };
		9471DC2F19A9895000F1A291 /* PreLoginView.xib in Resources */ = {isa = PBXBuildFile; fileRef = 9471DC2E19A9895000F1A291 /* PreLoginView.xib */; };
		9471FFCA19D6E6B90082C2C7 /* AboutTableViewController.m in Sources */ = {isa = PBXBuildFile; fileRef = 9471FFC919D6E6B90082C2C7 /* AboutTableViewController.m */; };
		9476057919C06AC700FA8E74 /* FormatValidator.m in Sources */ = {isa = PBXBuildFile; fileRef = 9476057819C06AC700FA8E74 /* FormatValidator.m */; };
		9476058019C07BC400FA8E74 /* RequestBuilder.m in Sources */ = {isa = PBXBuildFile; fileRef = 9476057F19C07BC400FA8E74 /* RequestBuilder.m */; };
		9476058619C15C6900FA8E74 /* SearchResultTableViewCell.m in Sources */ = {isa = PBXBuildFile; fileRef = 9476058519C15C6900FA8E74 /* SearchResultTableViewCell.m */; };
		9478A82719E0F840004E5806 /* TabBarItemHelper.m in Sources */ = {isa = PBXBuildFile; fileRef = 9478A82619E0F840004E5806 /* TabBarItemHelper.m */; };
		9483F1C119CB480F00316CED /* AVFoundation.framework in Frameworks */ = {isa = PBXBuildFile; fileRef = 9737041819CB38DD008949FB /* AVFoundation.framework */; };
		9483F1C219CB481600316CED /* CoreMedia.framework in Frameworks */ = {isa = PBXBuildFile; fileRef = 9737041219CB38C2008949FB /* CoreMedia.framework */; };
		9483F1C319CB481D00316CED /* CoreVideo.framework in Frameworks */ = {isa = PBXBuildFile; fileRef = 9737041419CB38C9008949FB /* CoreVideo.framework */; };
		9483F1C419CB482300316CED /* QuartzCore.framework in Frameworks */ = {isa = PBXBuildFile; fileRef = 9737041619CB38CF008949FB /* QuartzCore.framework */; };
		9483F1CB19CB48F400316CED /* libiconv.dylib in Frameworks */ = {isa = PBXBuildFile; fileRef = 94805C4719CADDB900CD762A /* libiconv.dylib */; };
		948615F019BC0FD1001837BF /* Store.m in Sources */ = {isa = PBXBuildFile; fileRef = 948615EF19BC0FD1001837BF /* Store.m */; };
		94895DAC19D832E20072174E /* libMobClickLibrary.a in Frameworks */ = {isa = PBXBuildFile; fileRef = 94895DAA19D832E20072174E /* libMobClickLibrary.a */; };
		94B23BAE19C3F61B009896BE /* BookDetailTableViewController.m in Sources */ = {isa = PBXBuildFile; fileRef = 94B23BAD19C3F61B009896BE /* BookDetailTableViewController.m */; };
		94B25A8719C8457500BA93CA /* FriendHasBookTableViewCell.m in Sources */ = {isa = PBXBuildFile; fileRef = 94B25A8619C8457500BA93CA /* FriendHasBookTableViewCell.m */; };
		94BB408519C172FE005BBD8E /* FriendsTableViewController.m in Sources */ = {isa = PBXBuildFile; fileRef = 94BB408419C172FE005BBD8E /* FriendsTableViewController.m */; };
		94BB408819C17378005BBD8E /* FriendInfoTableViewCell.m in Sources */ = {isa = PBXBuildFile; fileRef = 94BB408719C17378005BBD8E /* FriendInfoTableViewCell.m */; };
		94BB408D19C183E1005BBD8E /* FriendDetailTableViewController.m in Sources */ = {isa = PBXBuildFile; fileRef = 94BB408C19C183E1005BBD8E /* FriendDetailTableViewController.m */; };
		94BB409019C184EC005BBD8E /* FriendBookTableViewCell.m in Sources */ = {isa = PBXBuildFile; fileRef = 94BB408F19C184EC005BBD8E /* FriendBookTableViewCell.m */; };
		94BB409519C283CB005BBD8E /* MoreTableViewController.m in Sources */ = {isa = PBXBuildFile; fileRef = 94BB409419C283CB005BBD8E /* MoreTableViewController.m */; };
		94BB40B819C33770005BBD8E /* log-in-user.png in Resources */ = {isa = PBXBuildFile; fileRef = 94BB40B619C33770005BBD8E /* log-in-user.png */; };
		94BB40B919C33770005BBD8E /* log-out-user.png in Resources */ = {isa = PBXBuildFile; fileRef = 94BB40B719C33770005BBD8E /* log-out-user.png */; };
		94C1711219D01D3000656EDB /* ASIAuthenticationDialog.m in Sources */ = {isa = PBXBuildFile; fileRef = 94C170FD19D01D3000656EDB /* ASIAuthenticationDialog.m */; settings = {COMPILER_FLAGS = "-fno-objc-arc"; }; };
		94C1711319D01D3000656EDB /* ASIDataCompressor.m in Sources */ = {isa = PBXBuildFile; fileRef = 94C1710019D01D3000656EDB /* ASIDataCompressor.m */; settings = {COMPILER_FLAGS = "-fno-objc-arc"; }; };
		94C1711419D01D3000656EDB /* ASIDataDecompressor.m in Sources */ = {isa = PBXBuildFile; fileRef = 94C1710219D01D3000656EDB /* ASIDataDecompressor.m */; settings = {COMPILER_FLAGS = "-fno-objc-arc"; }; };
		94C1711519D01D3000656EDB /* ASIDownloadCache.m in Sources */ = {isa = PBXBuildFile; fileRef = 94C1710419D01D3000656EDB /* ASIDownloadCache.m */; settings = {COMPILER_FLAGS = "-fno-objc-arc"; }; };
		94C1711619D01D3000656EDB /* ASIFormDataRequest.m in Sources */ = {isa = PBXBuildFile; fileRef = 94C1710619D01D3000656EDB /* ASIFormDataRequest.m */; settings = {COMPILER_FLAGS = "-fno-objc-arc"; }; };
		94C1711719D01D3000656EDB /* ASIHTTPRequest.m in Sources */ = {isa = PBXBuildFile; fileRef = 94C1710819D01D3000656EDB /* ASIHTTPRequest.m */; settings = {COMPILER_FLAGS = "-fno-objc-arc"; }; };
		94C1711819D01D3000656EDB /* ASIInputStream.m in Sources */ = {isa = PBXBuildFile; fileRef = 94C1710C19D01D3000656EDB /* ASIInputStream.m */; settings = {COMPILER_FLAGS = "-fno-objc-arc"; }; };
		94C1711919D01D3000656EDB /* ASINetworkQueue.m in Sources */ = {isa = PBXBuildFile; fileRef = 94C1710E19D01D3000656EDB /* ASINetworkQueue.m */; settings = {COMPILER_FLAGS = "-fno-objc-arc"; }; };
		94C1711C19D01D6100656EDB /* SystemConfiguration.framework in Frameworks */ = {isa = PBXBuildFile; fileRef = 94C1711B19D01D6100656EDB /* SystemConfiguration.framework */; };
		94C1711E19D01D6900656EDB /* MobileCoreServices.framework in Frameworks */ = {isa = PBXBuildFile; fileRef = 94C1711D19D01D6900656EDB /* MobileCoreServices.framework */; };
		94C1712019D01D7300656EDB /* CoreGraphics.framework in Frameworks */ = {isa = PBXBuildFile; fileRef = 94C1711F19D01D7300656EDB /* CoreGraphics.framework */; };
		94C1712219D01D7A00656EDB /* CFNetwork.framework in Frameworks */ = {isa = PBXBuildFile; fileRef = 94C1712119D01D7A00656EDB /* CFNetwork.framework */; };
		94C1712919D02B5D00656EDB /* Reachability.m in Sources */ = {isa = PBXBuildFile; fileRef = 94C1712819D02B5D00656EDB /* Reachability.m */; settings = {COMPILER_FLAGS = "-fno-objc-arc"; }; };
		94C1712A19D0308100656EDB /* libz.dylib in Frameworks */ = {isa = PBXBuildFile; fileRef = 94C1712519D01D8F00656EDB /* libz.dylib */; };
		94C1712F19D0364800656EDB /* Foundation.framework in Frameworks */ = {isa = PBXBuildFile; fileRef = 94C1712B19D0361100656EDB /* Foundation.framework */; };
		94E1A14A19DEBA4C004BB148 /* DouBanConnection.framework in Frameworks */ = {isa = PBXBuildFile; fileRef = 94E1A13719DEBA4C004BB148 /* DouBanConnection.framework */; };
		94E1A14B19DEBA4C004BB148 /* WeChatConnection.framework in Frameworks */ = {isa = PBXBuildFile; fileRef = 94E1A13819DEBA4C004BB148 /* WeChatConnection.framework */; };
		94E1A14C19DEBA4C004BB148 /* AGCommon.framework in Frameworks */ = {isa = PBXBuildFile; fileRef = 94E1A13A19DEBA4C004BB148 /* AGCommon.framework */; };
		94E1A14D19DEBA4C004BB148 /* ShareSDKLocalizable.strings in Resources */ = {isa = PBXBuildFile; fileRef = 94E1A13B19DEBA4C004BB148 /* ShareSDKLocalizable.strings */; };
		94E1A14E19DEBA4C004BB148 /* Resource.bundle in Resources */ = {isa = PBXBuildFile; fileRef = 94E1A13D19DEBA4C004BB148 /* Resource.bundle */; };
		94E1A14F19DEBA4C004BB148 /* ShareSDKCoreService.framework in Frameworks */ = {isa = PBXBuildFile; fileRef = 94E1A13E19DEBA4C004BB148 /* ShareSDKCoreService.framework */; };
		94E1A15019DEBA4C004BB148 /* libWeChatSDK.a in Frameworks */ = {isa = PBXBuildFile; fileRef = 94E1A14219DEBA4C004BB148 /* libWeChatSDK.a */; };
		94E1A15119DEBA4C004BB148 /* ShareSDK.framework in Frameworks */ = {isa = PBXBuildFile; fileRef = 94E1A14519DEBA4C004BB148 /* ShareSDK.framework */; };
		94E1A15219DEBA4C004BB148 /* ShareSDKFlatShareViewUI.bundle in Resources */ = {isa = PBXBuildFile; fileRef = 94E1A14719DEBA4C004BB148 /* ShareSDKFlatShareViewUI.bundle */; };
		94E1A15319DEBA4C004BB148 /* ShareSDKFlatShareViewUI.framework in Frameworks */ = {isa = PBXBuildFile; fileRef = 94E1A14819DEBA4C004BB148 /* ShareSDKFlatShareViewUI.framework */; };
		94E1A15419DEBA4C004BB148 /* ShareSDKShareActionSheet.framework in Frameworks */ = {isa = PBXBuildFile; fileRef = 94E1A14919DEBA4C004BB148 /* ShareSDKShareActionSheet.framework */; };
		94E1A15619DEBA8F004BB148 /* CoreTelephony.framework in Frameworks */ = {isa = PBXBuildFile; fileRef = 94E1A15519DEBA8F004BB148 /* CoreTelephony.framework */; };
		94E1A15819DEBA9A004BB148 /* libicucore.dylib in Frameworks */ = {isa = PBXBuildFile; fileRef = 94E1A15719DEBA9A004BB148 /* libicucore.dylib */; };
		94E1A15A19DEBAA2004BB148 /* libz.1.2.5.dylib in Frameworks */ = {isa = PBXBuildFile; fileRef = 94E1A15919DEBAA2004BB148 /* libz.1.2.5.dylib */; };
		94E1A15C19DEBAA9004BB148 /* Security.framework in Frameworks */ = {isa = PBXBuildFile; fileRef = 94E1A15B19DEBAA9004BB148 /* Security.framework */; };
		94E3EA3919C6EBF500C38FEB /* FriendsHasBookTableViewController.m in Sources */ = {isa = PBXBuildFile; fileRef = 94E3EA3819C6EBF500C38FEB /* FriendsHasBookTableViewController.m */; };
		94E3EA3C19C7069F00C38FEB /* FriendStore.m in Sources */ = {isa = PBXBuildFile; fileRef = 94E3EA3B19C7069F00C38FEB /* FriendStore.m */; };
		94E5039419BAF98E004CEBC6 /* UserStore.m in Sources */ = {isa = PBXBuildFile; fileRef = 94E5039319BAF98E004CEBC6 /* UserStore.m */; };
		94E9807E19CBE0CD00C7C1ED /* MailManager.m in Sources */ = {isa = PBXBuildFile; fileRef = 94E9807D19CBE0CD00C7C1ED /* MailManager.m */; };
		94E980A519CC74E100C7C1ED /* MessageLabelHelper.m in Sources */ = {isa = PBXBuildFile; fileRef = 94E980A419CC74E100C7C1ED /* MessageLabelHelper.m */; };
		94F922B519CFAE0F00F96B09 /* SettingsTableViewController.m in Sources */ = {isa = PBXBuildFile; fileRef = 94F922B419CFAE0F00F96B09 /* SettingsTableViewController.m */; };
		94F922B819CFC28700F96B09 /* ImageHelper.m in Sources */ = {isa = PBXBuildFile; fileRef = 94F922B719CFC28700F96B09 /* ImageHelper.m */; };
		94F922BB19CFCDA800F96B09 /* AvatarManager.m in Sources */ = {isa = PBXBuildFile; fileRef = 94F922BA19CFCDA800F96B09 /* AvatarManager.m */; };
		970790FE19E1724F0095EB4C /* libzbar.a in Frameworks */ = {isa = PBXBuildFile; fileRef = 970790F819E1724F0095EB4C /* libzbar.a */; };
		970790FF19E1724F0095EB4C /* zbar-back.png in Resources */ = {isa = PBXBuildFile; fileRef = 970790FA19E1724F0095EB4C /* zbar-back.png */; };
		9707910019E1724F0095EB4C /* zbar-help.html in Resources */ = {isa = PBXBuildFile; fileRef = 970790FB19E1724F0095EB4C /* zbar-help.html */; };
		9707910119E1724F0095EB4C /* zbar-helpicons.png in Resources */ = {isa = PBXBuildFile; fileRef = 970790FC19E1724F0095EB4C /* zbar-helpicons.png */; };
		9707910219E1724F0095EB4C /* zbar-samples.png in Resources */ = {isa = PBXBuildFile; fileRef = 970790FD19E1724F0095EB4C /* zbar-samples.png */; };
		972F5E5219D39F76008D0DDF /* RegionTableViewController.m in Sources */ = {isa = PBXBuildFile; fileRef = 972F5E5119D39F76008D0DDF /* RegionTableViewController.m */; };
		972F5E5519D410DB008D0DDF /* Comment.m in Sources */ = {isa = PBXBuildFile; fileRef = 972F5E5419D410DB008D0DDF /* Comment.m */; };
		9746071E19D8EE8500F6E03A /* ChangePhoneNumberViewController.m in Sources */ = {isa = PBXBuildFile; fileRef = 9746071D19D8EE8500F6E03A /* ChangePhoneNumberViewController.m */; };
		97553C3D19C090DE0034B446 /* AuthenticationViewController.m in Sources */ = {isa = PBXBuildFile; fileRef = 97553C3C19C090DE0034B446 /* AuthenticationViewController.m */; };
		9755FF1319E559660093F90C /* qrcode_for_gh_9435ba066d3c_430.jpg in Resources */ = {isa = PBXBuildFile; fileRef = 9755FF1219E559660093F90C /* qrcode_for_gh_9435ba066d3c_430.jpg */; };
		9755FF1619E559EF0093F90C /* PublicAccountTableViewController.m in Sources */ = {isa = PBXBuildFile; fileRef = 9755FF1519E559EF0093F90C /* PublicAccountTableViewController.m */; };
		9758DD5619D4196E003E0A9E /* BookCommentTableViewController.m in Sources */ = {isa = PBXBuildFile; fileRef = 9758DD5519D4196E003E0A9E /* BookCommentTableViewController.m */; };
		9758DD5919D41990003E0A9E /* BookCommentTableViewCell.m in Sources */ = {isa = PBXBuildFile; fileRef = 9758DD5819D41990003E0A9E /* BookCommentTableViewCell.m */; };
		9759AFF019C184BD008EFCC2 /* Friend.m in Sources */ = {isa = PBXBuildFile; fileRef = 9759AFEF19C184BD008EFCC2 /* Friend.m */; };
		9759AFF319C18B11008EFCC2 /* User.m in Sources */ = {isa = PBXBuildFile; fileRef = 9759AFF219C18B11008EFCC2 /* User.m */; };
		9759AFFA19C19976008EFCC2 /* UserManager.m in Sources */ = {isa = PBXBuildFile; fileRef = 9759AFF919C19976008EFCC2 /* UserManager.m */; };
		9765EC3419D06BDE00066289 /* ChangeNameViewController.m in Sources */ = {isa = PBXBuildFile; fileRef = 9765EC3319D06BDE00066289 /* ChangeNameViewController.m */; };
		9766FC9B19BF30980089C89B /* LoginViewController.m in Sources */ = {isa = PBXBuildFile; fileRef = 9766FC9A19BF30980089C89B /* LoginViewController.m */; };
		9770923819C583CD001A3ED6 /* ActionSheetHelper.m in Sources */ = {isa = PBXBuildFile; fileRef = 9770923719C583CD001A3ED6 /* ActionSheetHelper.m */; };
		977FEDB619CEA102000E0154 /* CustomActivityIndicator.m in Sources */ = {isa = PBXBuildFile; fileRef = 977FEDB519CEA102000E0154 /* CustomActivityIndicator.m */; };
		9797378219E91A0B00CBDF29 /* DateHelper.m in Sources */ = {isa = PBXBuildFile; fileRef = 9797378119E91A0B00CBDF29 /* DateHelper.m */; };
		97B59F3A19D2560D0063CFA8 /* CityTableViewController.m in Sources */ = {isa = PBXBuildFile; fileRef = 97B59F3919D2560D0063CFA8 /* CityTableViewController.m */; };
		97C528A119BC34B600388375 /* AlertHelper.m in Sources */ = {isa = PBXBuildFile; fileRef = 97C528A019BC34B600388375 /* AlertHelper.m */; };
		97C528A419BC761000388375 /* RegisterViewController.m in Sources */ = {isa = PBXBuildFile; fileRef = 97C528A319BC761000388375 /* RegisterViewController.m */; };
		97CE0A0419D6F0260071B414 /* CustomAlert.m in Sources */ = {isa = PBXBuildFile; fileRef = 97CE0A0319D6F0260071B414 /* CustomAlert.m */; };
		97DDA8DF19AF7F430055C7E5 /* SearchTableViewController.m in Sources */ = {isa = PBXBuildFile; fileRef = 97DDA8DE19AF7F430055C7E5 /* SearchTableViewController.m */; };
		97F306B219BD45800010E91F /* NSData+AES256.m in Sources */ = {isa = PBXBuildFile; fileRef = 97F306B119BD45800010E91F /* NSData+AES256.m */; };
		97F306B519BD47D10010E91F /* NSString+AES256.m in Sources */ = {isa = PBXBuildFile; fileRef = 97F306B419BD47D10010E91F /* NSString+AES256.m */; };
		97F65AC219AE0A7D00B9DC93 /* JsonDataFetcher.m in Sources */ = {isa = PBXBuildFile; fileRef = 97F65AC119AE0A7D00B9DC93 /* JsonDataFetcher.m */; };
		97F65AC719AE0B1200B9DC93 /* DataConverter.m in Sources */ = {isa = PBXBuildFile; fileRef = 97F65AC619AE0B1200B9DC93 /* DataConverter.m */; };
		97F973C619B5FBF4007AAD47 /* BookStore.m in Sources */ = {isa = PBXBuildFile; fileRef = 97F973C519B5FBF4007AAD47 /* BookStore.m */; };
		97FF912219D11EA7006944BD /* city.plist in Resources */ = {isa = PBXBuildFile; fileRef = 97FF912019D11EA7006944BD /* city.plist */; };
		97FF912919D13475006944BD /* ProvinceTableViewController.m in Sources */ = {isa = PBXBuildFile; fileRef = 97FF912819D13475006944BD /* ProvinceTableViewController.m */; };
		CC37A0125E5B473B82F68B12 /* libPods.a in Frameworks */ = {isa = PBXBuildFile; fileRef = 9FFAC14665174BE691ED257B /* libPods.a */; };
/* End PBXBuildFile section */

/* Begin PBXContainerItemProxy section */
		9471DC0319A5837700F1A291 /* PBXContainerItemProxy */ = {
			isa = PBXContainerItemProxy;
			containerPortal = 9471DBE119A5837700F1A291 /* Project object */;
			proxyType = 1;
			remoteGlobalIDString = 9471DBE819A5837700F1A291;
			remoteInfo = JieShuQuan;
		};
/* End PBXContainerItemProxy section */

/* Begin PBXFileReference section */
		867F1904ABF9491EBD0C1D65 /* Pods.xcconfig */ = {isa = PBXFileReference; includeInIndex = 1; lastKnownFileType = text.xcconfig; name = Pods.xcconfig; path = Pods/Pods.xcconfig; sourceTree = "<group>"; };
		9412E2F319A9FAC7008D243C /* Book.h */ = {isa = PBXFileReference; fileEncoding = 4; lastKnownFileType = sourcecode.c.h; path = Book.h; sourceTree = "<group>"; };
		9412E2F419A9FAC7008D243C /* Book.m */ = {isa = PBXFileReference; fileEncoding = 4; lastKnownFileType = sourcecode.c.objc; path = Book.m; sourceTree = "<group>"; };
		9412E2F919AA0D82008D243C /* BookTableViewCell.h */ = {isa = PBXFileReference; fileEncoding = 4; lastKnownFileType = sourcecode.c.h; path = BookTableViewCell.h; sourceTree = "<group>"; };
		9412E2FA19AA0D82008D243C /* BookTableViewCell.m */ = {isa = PBXFileReference; fileEncoding = 4; lastKnownFileType = sourcecode.c.objc; path = BookTableViewCell.m; sourceTree = "<group>"; };
		945E932E19D42065002EC733 /* CreateCommentViewController.h */ = {isa = PBXFileReference; fileEncoding = 4; lastKnownFileType = sourcecode.c.h; path = CreateCommentViewController.h; sourceTree = "<group>"; };
		945E932F19D42065002EC733 /* CreateCommentViewController.m */ = {isa = PBXFileReference; fileEncoding = 4; lastKnownFileType = sourcecode.c.objc; path = CreateCommentViewController.m; sourceTree = "<group>"; };
		9471D40F19D2C3DD00AEBE7D /* CacheManager.h */ = {isa = PBXFileReference; fileEncoding = 4; lastKnownFileType = sourcecode.c.h; path = CacheManager.h; sourceTree = "<group>"; };
		9471D41019D2C3DD00AEBE7D /* CacheManager.m */ = {isa = PBXFileReference; fileEncoding = 4; lastKnownFileType = sourcecode.c.objc; path = CacheManager.m; sourceTree = "<group>"; };
		9471DBE919A5837700F1A291 /* JieShuQuan.app */ = {isa = PBXFileReference; explicitFileType = wrapper.application; includeInIndex = 0; path = JieShuQuan.app; sourceTree = BUILT_PRODUCTS_DIR; };
		9471DBED19A5837700F1A291 /* Info.plist */ = {isa = PBXFileReference; lastKnownFileType = text.plist.xml; path = Info.plist; sourceTree = "<group>"; };
		9471DBEE19A5837700F1A291 /* main.m */ = {isa = PBXFileReference; lastKnownFileType = sourcecode.c.objc; path = main.m; sourceTree = "<group>"; };
		9471DBF019A5837700F1A291 /* AppDelegate.h */ = {isa = PBXFileReference; lastKnownFileType = sourcecode.c.h; path = AppDelegate.h; sourceTree = "<group>"; };
		9471DBF119A5837700F1A291 /* AppDelegate.m */ = {isa = PBXFileReference; lastKnownFileType = sourcecode.c.objc; path = AppDelegate.m; sourceTree = "<group>"; };
		9471DBF419A5837700F1A291 /* JieShuQuan.xcdatamodel */ = {isa = PBXFileReference; lastKnownFileType = wrapper.xcdatamodel; path = JieShuQuan.xcdatamodel; sourceTree = "<group>"; };
		9471DBFA19A5837700F1A291 /* Base */ = {isa = PBXFileReference; lastKnownFileType = file.storyboard; name = Base; path = Base.lproj/Main.storyboard; sourceTree = "<group>"; };
		9471DBFC19A5837700F1A291 /* Images.xcassets */ = {isa = PBXFileReference; lastKnownFileType = folder.assetcatalog; path = Images.xcassets; sourceTree = "<group>"; };
		9471DC0219A5837700F1A291 /* JieShuQuanTests.xctest */ = {isa = PBXFileReference; explicitFileType = wrapper.cfbundle; includeInIndex = 0; path = JieShuQuanTests.xctest; sourceTree = BUILT_PRODUCTS_DIR; };
		9471DC0719A5837700F1A291 /* Info.plist */ = {isa = PBXFileReference; lastKnownFileType = text.plist.xml; path = Info.plist; sourceTree = "<group>"; };
		9471DC0819A5837700F1A291 /* JieShuQuanTests.m */ = {isa = PBXFileReference; lastKnownFileType = sourcecode.c.objc; path = JieShuQuanTests.m; sourceTree = "<group>"; };
		9471DC2519A9689E00F1A291 /* MyBooksTableViewController.h */ = {isa = PBXFileReference; fileEncoding = 4; lastKnownFileType = sourcecode.c.h; path = MyBooksTableViewController.h; sourceTree = "<group>"; };
		9471DC2619A9689E00F1A291 /* MyBooksTableViewController.m */ = {isa = PBXFileReference; fileEncoding = 4; lastKnownFileType = sourcecode.c.objc; path = MyBooksTableViewController.m; sourceTree = "<group>"; };
		9471DC2919A974AB00F1A291 /* PreLoginView.h */ = {isa = PBXFileReference; fileEncoding = 4; lastKnownFileType = sourcecode.c.h; path = PreLoginView.h; sourceTree = "<group>"; };
		9471DC2A19A974AB00F1A291 /* PreLoginView.m */ = {isa = PBXFileReference; fileEncoding = 4; lastKnownFileType = sourcecode.c.objc; path = PreLoginView.m; sourceTree = "<group>"; };
		9471DC2E19A9895000F1A291 /* PreLoginView.xib */ = {isa = PBXFileReference; fileEncoding = 4; lastKnownFileType = file.xib; path = PreLoginView.xib; sourceTree = "<group>"; };
		9471FFC819D6E6B90082C2C7 /* AboutTableViewController.h */ = {isa = PBXFileReference; fileEncoding = 4; lastKnownFileType = sourcecode.c.h; path = AboutTableViewController.h; sourceTree = "<group>"; };
		9471FFC919D6E6B90082C2C7 /* AboutTableViewController.m */ = {isa = PBXFileReference; fileEncoding = 4; lastKnownFileType = sourcecode.c.objc; path = AboutTableViewController.m; sourceTree = "<group>"; };
		9476057719C06AC700FA8E74 /* FormatValidator.h */ = {isa = PBXFileReference; fileEncoding = 4; lastKnownFileType = sourcecode.c.h; path = FormatValidator.h; sourceTree = "<group>"; };
		9476057819C06AC700FA8E74 /* FormatValidator.m */ = {isa = PBXFileReference; fileEncoding = 4; lastKnownFileType = sourcecode.c.objc; path = FormatValidator.m; sourceTree = "<group>"; };
		9476057A19C074D800FA8E74 /* ServerHeaders.h */ = {isa = PBXFileReference; fileEncoding = 4; lastKnownFileType = sourcecode.c.h; path = ServerHeaders.h; sourceTree = "<group>"; };
		9476057E19C07BC400FA8E74 /* RequestBuilder.h */ = {isa = PBXFileReference; fileEncoding = 4; lastKnownFileType = sourcecode.c.h; path = RequestBuilder.h; sourceTree = "<group>"; };
		9476057F19C07BC400FA8E74 /* RequestBuilder.m */ = {isa = PBXFileReference; fileEncoding = 4; lastKnownFileType = sourcecode.c.objc; path = RequestBuilder.m; sourceTree = "<group>"; };
		9476058419C15C6900FA8E74 /* SearchResultTableViewCell.h */ = {isa = PBXFileReference; fileEncoding = 4; lastKnownFileType = sourcecode.c.h; path = SearchResultTableViewCell.h; sourceTree = "<group>"; };
		9476058519C15C6900FA8E74 /* SearchResultTableViewCell.m */ = {isa = PBXFileReference; fileEncoding = 4; lastKnownFileType = sourcecode.c.objc; path = SearchResultTableViewCell.m; sourceTree = "<group>"; };
		9478A82519E0F840004E5806 /* TabBarItemHelper.h */ = {isa = PBXFileReference; fileEncoding = 4; lastKnownFileType = sourcecode.c.h; path = TabBarItemHelper.h; sourceTree = "<group>"; };
		9478A82619E0F840004E5806 /* TabBarItemHelper.m */ = {isa = PBXFileReference; fileEncoding = 4; lastKnownFileType = sourcecode.c.objc; path = TabBarItemHelper.m; sourceTree = "<group>"; };
		94805C4719CADDB900CD762A /* libiconv.dylib */ = {isa = PBXFileReference; lastKnownFileType = "compiled.mach-o.dylib"; name = libiconv.dylib; path = usr/lib/libiconv.dylib; sourceTree = SDKROOT; };
		9483F1C919CB48C500316CED /* libzbar.a */ = {isa = PBXFileReference; lastKnownFileType = archive.ar; path = libzbar.a; sourceTree = "<group>"; };
		948615EE19BC0FD1001837BF /* Store.h */ = {isa = PBXFileReference; fileEncoding = 4; lastKnownFileType = sourcecode.c.h; path = Store.h; sourceTree = "<group>"; };
		948615EF19BC0FD1001837BF /* Store.m */ = {isa = PBXFileReference; fileEncoding = 4; lastKnownFileType = sourcecode.c.objc; path = Store.m; sourceTree = "<group>"; };
		94895DAA19D832E20072174E /* libMobClickLibrary.a */ = {isa = PBXFileReference; lastKnownFileType = archive.ar; name = libMobClickLibrary.a; path = ../libMobClickLibrary.a; sourceTree = "<group>"; };
		94895DAB19D832E20072174E /* MobClick.h */ = {isa = PBXFileReference; fileEncoding = 4; lastKnownFileType = sourcecode.c.h; name = MobClick.h; path = ../MobClick.h; sourceTree = "<group>"; };
		94B23BAC19C3F61B009896BE /* BookDetailTableViewController.h */ = {isa = PBXFileReference; fileEncoding = 4; lastKnownFileType = sourcecode.c.h; path = BookDetailTableViewController.h; sourceTree = "<group>"; };
		94B23BAD19C3F61B009896BE /* BookDetailTableViewController.m */ = {isa = PBXFileReference; fileEncoding = 4; lastKnownFileType = sourcecode.c.objc; path = BookDetailTableViewController.m; sourceTree = "<group>"; };
		94B25A8519C8457500BA93CA /* FriendHasBookTableViewCell.h */ = {isa = PBXFileReference; fileEncoding = 4; lastKnownFileType = sourcecode.c.h; path = FriendHasBookTableViewCell.h; sourceTree = "<group>"; };
		94B25A8619C8457500BA93CA /* FriendHasBookTableViewCell.m */ = {isa = PBXFileReference; fileEncoding = 4; lastKnownFileType = sourcecode.c.objc; path = FriendHasBookTableViewCell.m; sourceTree = "<group>"; };
		94BB408319C172FE005BBD8E /* FriendsTableViewController.h */ = {isa = PBXFileReference; fileEncoding = 4; lastKnownFileType = sourcecode.c.h; path = FriendsTableViewController.h; sourceTree = "<group>"; };
		94BB408419C172FE005BBD8E /* FriendsTableViewController.m */ = {isa = PBXFileReference; fileEncoding = 4; lastKnownFileType = sourcecode.c.objc; path = FriendsTableViewController.m; sourceTree = "<group>"; };
		94BB408619C17378005BBD8E /* FriendInfoTableViewCell.h */ = {isa = PBXFileReference; fileEncoding = 4; lastKnownFileType = sourcecode.c.h; path = FriendInfoTableViewCell.h; sourceTree = "<group>"; };
		94BB408719C17378005BBD8E /* FriendInfoTableViewCell.m */ = {isa = PBXFileReference; fileEncoding = 4; lastKnownFileType = sourcecode.c.objc; path = FriendInfoTableViewCell.m; sourceTree = "<group>"; };
		94BB408B19C183E1005BBD8E /* FriendDetailTableViewController.h */ = {isa = PBXFileReference; fileEncoding = 4; lastKnownFileType = sourcecode.c.h; path = FriendDetailTableViewController.h; sourceTree = "<group>"; };
		94BB408C19C183E1005BBD8E /* FriendDetailTableViewController.m */ = {isa = PBXFileReference; fileEncoding = 4; lastKnownFileType = sourcecode.c.objc; path = FriendDetailTableViewController.m; sourceTree = "<group>"; };
		94BB408E19C184EC005BBD8E /* FriendBookTableViewCell.h */ = {isa = PBXFileReference; fileEncoding = 4; lastKnownFileType = sourcecode.c.h; path = FriendBookTableViewCell.h; sourceTree = "<group>"; };
		94BB408F19C184EC005BBD8E /* FriendBookTableViewCell.m */ = {isa = PBXFileReference; fileEncoding = 4; lastKnownFileType = sourcecode.c.objc; path = FriendBookTableViewCell.m; sourceTree = "<group>"; };
		94BB409319C283CB005BBD8E /* MoreTableViewController.h */ = {isa = PBXFileReference; fileEncoding = 4; lastKnownFileType = sourcecode.c.h; path = MoreTableViewController.h; sourceTree = "<group>"; };
		94BB409419C283CB005BBD8E /* MoreTableViewController.m */ = {isa = PBXFileReference; fileEncoding = 4; lastKnownFileType = sourcecode.c.objc; path = MoreTableViewController.m; sourceTree = "<group>"; };
		94BB40B619C33770005BBD8E /* log-in-user.png */ = {isa = PBXFileReference; lastKnownFileType = image.png; path = "log-in-user.png"; sourceTree = "<group>"; };
		94BB40B719C33770005BBD8E /* log-out-user.png */ = {isa = PBXFileReference; lastKnownFileType = image.png; path = "log-out-user.png"; sourceTree = "<group>"; };
		94C170FC19D01D3000656EDB /* ASIAuthenticationDialog.h */ = {isa = PBXFileReference; fileEncoding = 4; lastKnownFileType = sourcecode.c.h; path = ASIAuthenticationDialog.h; sourceTree = "<group>"; };
		94C170FD19D01D3000656EDB /* ASIAuthenticationDialog.m */ = {isa = PBXFileReference; fileEncoding = 4; lastKnownFileType = sourcecode.c.objc; path = ASIAuthenticationDialog.m; sourceTree = "<group>"; };
		94C170FE19D01D3000656EDB /* ASICacheDelegate.h */ = {isa = PBXFileReference; fileEncoding = 4; lastKnownFileType = sourcecode.c.h; path = ASICacheDelegate.h; sourceTree = "<group>"; };
		94C170FF19D01D3000656EDB /* ASIDataCompressor.h */ = {isa = PBXFileReference; fileEncoding = 4; lastKnownFileType = sourcecode.c.h; path = ASIDataCompressor.h; sourceTree = "<group>"; };
		94C1710019D01D3000656EDB /* ASIDataCompressor.m */ = {isa = PBXFileReference; fileEncoding = 4; lastKnownFileType = sourcecode.c.objc; path = ASIDataCompressor.m; sourceTree = "<group>"; };
		94C1710119D01D3000656EDB /* ASIDataDecompressor.h */ = {isa = PBXFileReference; fileEncoding = 4; lastKnownFileType = sourcecode.c.h; path = ASIDataDecompressor.h; sourceTree = "<group>"; };
		94C1710219D01D3000656EDB /* ASIDataDecompressor.m */ = {isa = PBXFileReference; fileEncoding = 4; lastKnownFileType = sourcecode.c.objc; path = ASIDataDecompressor.m; sourceTree = "<group>"; };
		94C1710319D01D3000656EDB /* ASIDownloadCache.h */ = {isa = PBXFileReference; fileEncoding = 4; lastKnownFileType = sourcecode.c.h; path = ASIDownloadCache.h; sourceTree = "<group>"; };
		94C1710419D01D3000656EDB /* ASIDownloadCache.m */ = {isa = PBXFileReference; fileEncoding = 4; lastKnownFileType = sourcecode.c.objc; path = ASIDownloadCache.m; sourceTree = "<group>"; };
		94C1710519D01D3000656EDB /* ASIFormDataRequest.h */ = {isa = PBXFileReference; fileEncoding = 4; lastKnownFileType = sourcecode.c.h; path = ASIFormDataRequest.h; sourceTree = "<group>"; };
		94C1710619D01D3000656EDB /* ASIFormDataRequest.m */ = {isa = PBXFileReference; fileEncoding = 4; lastKnownFileType = sourcecode.c.objc; path = ASIFormDataRequest.m; sourceTree = "<group>"; };
		94C1710719D01D3000656EDB /* ASIHTTPRequest.h */ = {isa = PBXFileReference; fileEncoding = 4; lastKnownFileType = sourcecode.c.h; path = ASIHTTPRequest.h; sourceTree = "<group>"; };
		94C1710819D01D3000656EDB /* ASIHTTPRequest.m */ = {isa = PBXFileReference; fileEncoding = 4; lastKnownFileType = sourcecode.c.objc; path = ASIHTTPRequest.m; sourceTree = "<group>"; };
		94C1710919D01D3000656EDB /* ASIHTTPRequestConfig.h */ = {isa = PBXFileReference; fileEncoding = 4; lastKnownFileType = sourcecode.c.h; path = ASIHTTPRequestConfig.h; sourceTree = "<group>"; };
		94C1710A19D01D3000656EDB /* ASIHTTPRequestDelegate.h */ = {isa = PBXFileReference; fileEncoding = 4; lastKnownFileType = sourcecode.c.h; path = ASIHTTPRequestDelegate.h; sourceTree = "<group>"; };
		94C1710B19D01D3000656EDB /* ASIInputStream.h */ = {isa = PBXFileReference; fileEncoding = 4; lastKnownFileType = sourcecode.c.h; path = ASIInputStream.h; sourceTree = "<group>"; };
		94C1710C19D01D3000656EDB /* ASIInputStream.m */ = {isa = PBXFileReference; fileEncoding = 4; lastKnownFileType = sourcecode.c.objc; path = ASIInputStream.m; sourceTree = "<group>"; };
		94C1710D19D01D3000656EDB /* ASINetworkQueue.h */ = {isa = PBXFileReference; fileEncoding = 4; lastKnownFileType = sourcecode.c.h; path = ASINetworkQueue.h; sourceTree = "<group>"; };
		94C1710E19D01D3000656EDB /* ASINetworkQueue.m */ = {isa = PBXFileReference; fileEncoding = 4; lastKnownFileType = sourcecode.c.objc; path = ASINetworkQueue.m; sourceTree = "<group>"; };
		94C1710F19D01D3000656EDB /* ASIProgressDelegate.h */ = {isa = PBXFileReference; fileEncoding = 4; lastKnownFileType = sourcecode.c.h; path = ASIProgressDelegate.h; sourceTree = "<group>"; };
		94C1711B19D01D6100656EDB /* SystemConfiguration.framework */ = {isa = PBXFileReference; lastKnownFileType = wrapper.framework; name = SystemConfiguration.framework; path = System/Library/Frameworks/SystemConfiguration.framework; sourceTree = SDKROOT; };
		94C1711D19D01D6900656EDB /* MobileCoreServices.framework */ = {isa = PBXFileReference; lastKnownFileType = wrapper.framework; name = MobileCoreServices.framework; path = System/Library/Frameworks/MobileCoreServices.framework; sourceTree = SDKROOT; };
		94C1711F19D01D7300656EDB /* CoreGraphics.framework */ = {isa = PBXFileReference; lastKnownFileType = wrapper.framework; name = CoreGraphics.framework; path = System/Library/Frameworks/CoreGraphics.framework; sourceTree = SDKROOT; };
		94C1712119D01D7A00656EDB /* CFNetwork.framework */ = {isa = PBXFileReference; lastKnownFileType = wrapper.framework; name = CFNetwork.framework; path = System/Library/Frameworks/CFNetwork.framework; sourceTree = SDKROOT; };
		94C1712319D01D8300656EDB /* libxml2.dylib */ = {isa = PBXFileReference; lastKnownFileType = "compiled.mach-o.dylib"; name = libxml2.dylib; path = usr/lib/libxml2.dylib; sourceTree = SDKROOT; };
		94C1712519D01D8F00656EDB /* libz.dylib */ = {isa = PBXFileReference; lastKnownFileType = "compiled.mach-o.dylib"; name = libz.dylib; path = usr/lib/libz.dylib; sourceTree = SDKROOT; };
		94C1712719D02B5D00656EDB /* Reachability.h */ = {isa = PBXFileReference; fileEncoding = 4; lastKnownFileType = sourcecode.c.h; path = Reachability.h; sourceTree = "<group>"; };
		94C1712819D02B5D00656EDB /* Reachability.m */ = {isa = PBXFileReference; fileEncoding = 4; lastKnownFileType = sourcecode.c.objc; path = Reachability.m; sourceTree = "<group>"; };
		94C1712B19D0361100656EDB /* Foundation.framework */ = {isa = PBXFileReference; lastKnownFileType = wrapper.framework; name = Foundation.framework; path = System/Library/Frameworks/Foundation.framework; sourceTree = SDKROOT; };
		94E1A13719DEBA4C004BB148 /* DouBanConnection.framework */ = {isa = PBXFileReference; lastKnownFileType = wrapper.framework; path = DouBanConnection.framework; sourceTree = "<group>"; };
		94E1A13819DEBA4C004BB148 /* WeChatConnection.framework */ = {isa = PBXFileReference; lastKnownFileType = wrapper.framework; path = WeChatConnection.framework; sourceTree = "<group>"; };
		94E1A13A19DEBA4C004BB148 /* AGCommon.framework */ = {isa = PBXFileReference; lastKnownFileType = wrapper.framework; path = AGCommon.framework; sourceTree = "<group>"; };
		94E1A13C19DEBA4C004BB148 /* en */ = {isa = PBXFileReference; lastKnownFileType = text.plist.strings; name = en; path = en.lproj/ShareSDKLocalizable.strings; sourceTree = "<group>"; };
		94E1A13D19DEBA4C004BB148 /* Resource.bundle */ = {isa = PBXFileReference; lastKnownFileType = "wrapper.plug-in"; path = Resource.bundle; sourceTree = "<group>"; };
		94E1A13E19DEBA4C004BB148 /* ShareSDKCoreService.framework */ = {isa = PBXFileReference; lastKnownFileType = wrapper.framework; path = ShareSDKCoreService.framework; sourceTree = "<group>"; };
		94E1A13F19DEBA4C004BB148 /* zh-Hans */ = {isa = PBXFileReference; lastKnownFileType = text.plist.strings; name = "zh-Hans"; path = "zh-Hans.lproj/ShareSDKLocalizable.strings"; sourceTree = "<group>"; };
		94E1A14219DEBA4C004BB148 /* libWeChatSDK.a */ = {isa = PBXFileReference; lastKnownFileType = archive.ar; path = libWeChatSDK.a; sourceTree = "<group>"; };
		94E1A14319DEBA4C004BB148 /* WXApi.h */ = {isa = PBXFileReference; fileEncoding = 4; lastKnownFileType = sourcecode.c.h; path = WXApi.h; sourceTree = "<group>"; };
		94E1A14419DEBA4C004BB148 /* WXApiObject.h */ = {isa = PBXFileReference; fileEncoding = 4; lastKnownFileType = sourcecode.c.h; path = WXApiObject.h; sourceTree = "<group>"; };
		94E1A14519DEBA4C004BB148 /* ShareSDK.framework */ = {isa = PBXFileReference; lastKnownFileType = wrapper.framework; path = ShareSDK.framework; sourceTree = "<group>"; };
		94E1A14719DEBA4C004BB148 /* ShareSDKFlatShareViewUI.bundle */ = {isa = PBXFileReference; lastKnownFileType = "wrapper.plug-in"; path = ShareSDKFlatShareViewUI.bundle; sourceTree = "<group>"; };
		94E1A14819DEBA4C004BB148 /* ShareSDKFlatShareViewUI.framework */ = {isa = PBXFileReference; lastKnownFileType = wrapper.framework; path = ShareSDKFlatShareViewUI.framework; sourceTree = "<group>"; };
		94E1A14919DEBA4C004BB148 /* ShareSDKShareActionSheet.framework */ = {isa = PBXFileReference; lastKnownFileType = wrapper.framework; path = ShareSDKShareActionSheet.framework; sourceTree = "<group>"; };
		94E1A15519DEBA8F004BB148 /* CoreTelephony.framework */ = {isa = PBXFileReference; lastKnownFileType = wrapper.framework; name = CoreTelephony.framework; path = System/Library/Frameworks/CoreTelephony.framework; sourceTree = SDKROOT; };
		94E1A15719DEBA9A004BB148 /* libicucore.dylib */ = {isa = PBXFileReference; lastKnownFileType = "compiled.mach-o.dylib"; name = libicucore.dylib; path = usr/lib/libicucore.dylib; sourceTree = SDKROOT; };
		94E1A15919DEBAA2004BB148 /* libz.1.2.5.dylib */ = {isa = PBXFileReference; lastKnownFileType = "compiled.mach-o.dylib"; name = libz.1.2.5.dylib; path = usr/lib/libz.1.2.5.dylib; sourceTree = SDKROOT; };
		94E1A15B19DEBAA9004BB148 /* Security.framework */ = {isa = PBXFileReference; lastKnownFileType = wrapper.framework; name = Security.framework; path = System/Library/Frameworks/Security.framework; sourceTree = SDKROOT; };
		94E1A15D19DEBB98004BB148 /* libstdc++.dylib */ = {isa = PBXFileReference; lastKnownFileType = "compiled.mach-o.dylib"; name = "libstdc++.dylib"; path = "usr/lib/libstdc++.dylib"; sourceTree = SDKROOT; };
		94E1A15F19DEBBA5004BB148 /* libsqlite3.dylib */ = {isa = PBXFileReference; lastKnownFileType = "compiled.mach-o.dylib"; name = libsqlite3.dylib; path = usr/lib/libsqlite3.dylib; sourceTree = SDKROOT; };
		94E3EA3719C6EBF500C38FEB /* FriendsHasBookTableViewController.h */ = {isa = PBXFileReference; fileEncoding = 4; lastKnownFileType = sourcecode.c.h; path = FriendsHasBookTableViewController.h; sourceTree = "<group>"; };
		94E3EA3819C6EBF500C38FEB /* FriendsHasBookTableViewController.m */ = {isa = PBXFileReference; fileEncoding = 4; lastKnownFileType = sourcecode.c.objc; path = FriendsHasBookTableViewController.m; sourceTree = "<group>"; };
		94E3EA3A19C7069F00C38FEB /* FriendStore.h */ = {isa = PBXFileReference; fileEncoding = 4; lastKnownFileType = sourcecode.c.h; path = FriendStore.h; sourceTree = "<group>"; };
		94E3EA3B19C7069F00C38FEB /* FriendStore.m */ = {isa = PBXFileReference; fileEncoding = 4; lastKnownFileType = sourcecode.c.objc; path = FriendStore.m; sourceTree = "<group>"; };
		94E5039219BAF98E004CEBC6 /* UserStore.h */ = {isa = PBXFileReference; fileEncoding = 4; lastKnownFileType = sourcecode.c.h; path = UserStore.h; sourceTree = "<group>"; };
		94E5039319BAF98E004CEBC6 /* UserStore.m */ = {isa = PBXFileReference; fileEncoding = 4; lastKnownFileType = sourcecode.c.objc; path = UserStore.m; sourceTree = "<group>"; };
		94E9807C19CBE0CD00C7C1ED /* MailManager.h */ = {isa = PBXFileReference; fileEncoding = 4; lastKnownFileType = sourcecode.c.h; path = MailManager.h; sourceTree = "<group>"; };
		94E9807D19CBE0CD00C7C1ED /* MailManager.m */ = {isa = PBXFileReference; fileEncoding = 4; lastKnownFileType = sourcecode.c.objc; path = MailManager.m; sourceTree = "<group>"; };
		94E980A319CC74E100C7C1ED /* MessageLabelHelper.h */ = {isa = PBXFileReference; fileEncoding = 4; lastKnownFileType = sourcecode.c.h; path = MessageLabelHelper.h; sourceTree = "<group>"; };
		94E980A419CC74E100C7C1ED /* MessageLabelHelper.m */ = {isa = PBXFileReference; fileEncoding = 4; lastKnownFileType = sourcecode.c.objc; path = MessageLabelHelper.m; sourceTree = "<group>"; };
		94F922B319CFAE0F00F96B09 /* SettingsTableViewController.h */ = {isa = PBXFileReference; fileEncoding = 4; lastKnownFileType = sourcecode.c.h; path = SettingsTableViewController.h; sourceTree = "<group>"; };
		94F922B419CFAE0F00F96B09 /* SettingsTableViewController.m */ = {isa = PBXFileReference; fileEncoding = 4; lastKnownFileType = sourcecode.c.objc; path = SettingsTableViewController.m; sourceTree = "<group>"; };
		94F922B619CFC28700F96B09 /* ImageHelper.h */ = {isa = PBXFileReference; fileEncoding = 4; lastKnownFileType = sourcecode.c.h; path = ImageHelper.h; sourceTree = "<group>"; };
		94F922B719CFC28700F96B09 /* ImageHelper.m */ = {isa = PBXFileReference; fileEncoding = 4; lastKnownFileType = sourcecode.c.objc; path = ImageHelper.m; sourceTree = "<group>"; };
		94F922B919CFCDA800F96B09 /* AvatarManager.h */ = {isa = PBXFileReference; fileEncoding = 4; lastKnownFileType = sourcecode.c.h; path = AvatarManager.h; sourceTree = "<group>"; };
		94F922BA19CFCDA800F96B09 /* AvatarManager.m */ = {isa = PBXFileReference; fileEncoding = 4; lastKnownFileType = sourcecode.c.objc; path = AvatarManager.m; sourceTree = "<group>"; };
		970790E419E1724F0095EB4C /* Decoder.h */ = {isa = PBXFileReference; fileEncoding = 4; lastKnownFileType = sourcecode.c.h; path = Decoder.h; sourceTree = "<group>"; };
		970790E519E1724F0095EB4C /* Exception.h */ = {isa = PBXFileReference; fileEncoding = 4; lastKnownFileType = sourcecode.c.h; path = Exception.h; sourceTree = "<group>"; };
		970790E619E1724F0095EB4C /* Image.h */ = {isa = PBXFileReference; fileEncoding = 4; lastKnownFileType = sourcecode.c.h; path = Image.h; sourceTree = "<group>"; };
		970790E719E1724F0095EB4C /* ImageScanner.h */ = {isa = PBXFileReference; fileEncoding = 4; lastKnownFileType = sourcecode.c.h; path = ImageScanner.h; sourceTree = "<group>"; };
		970790E819E1724F0095EB4C /* Processor.h */ = {isa = PBXFileReference; fileEncoding = 4; lastKnownFileType = sourcecode.c.h; path = Processor.h; sourceTree = "<group>"; };
		970790E919E1724F0095EB4C /* Scanner.h */ = {isa = PBXFileReference; fileEncoding = 4; lastKnownFileType = sourcecode.c.h; path = Scanner.h; sourceTree = "<group>"; };
		970790EA19E1724F0095EB4C /* Symbol.h */ = {isa = PBXFileReference; fileEncoding = 4; lastKnownFileType = sourcecode.c.h; path = Symbol.h; sourceTree = "<group>"; };
		970790EB19E1724F0095EB4C /* Video.h */ = {isa = PBXFileReference; fileEncoding = 4; lastKnownFileType = sourcecode.c.h; path = Video.h; sourceTree = "<group>"; };
		970790EC19E1724F0095EB4C /* Window.h */ = {isa = PBXFileReference; fileEncoding = 4; lastKnownFileType = sourcecode.c.h; path = Window.h; sourceTree = "<group>"; };
		970790ED19E1724F0095EB4C /* zbar.h */ = {isa = PBXFileReference; fileEncoding = 4; lastKnownFileType = sourcecode.c.h; path = zbar.h; sourceTree = "<group>"; };
		970790EE19E1724F0095EB4C /* ZBarCameraSimulator.h */ = {isa = PBXFileReference; fileEncoding = 4; lastKnownFileType = sourcecode.c.h; path = ZBarCameraSimulator.h; sourceTree = "<group>"; };
		970790EF19E1724F0095EB4C /* ZBarCaptureReader.h */ = {isa = PBXFileReference; fileEncoding = 4; lastKnownFileType = sourcecode.c.h; path = ZBarCaptureReader.h; sourceTree = "<group>"; };
		970790F019E1724F0095EB4C /* ZBarHelpController.h */ = {isa = PBXFileReference; fileEncoding = 4; lastKnownFileType = sourcecode.c.h; path = ZBarHelpController.h; sourceTree = "<group>"; };
		970790F119E1724F0095EB4C /* ZBarImage.h */ = {isa = PBXFileReference; fileEncoding = 4; lastKnownFileType = sourcecode.c.h; path = ZBarImage.h; sourceTree = "<group>"; };
		970790F219E1724F0095EB4C /* ZBarImageScanner.h */ = {isa = PBXFileReference; fileEncoding = 4; lastKnownFileType = sourcecode.c.h; path = ZBarImageScanner.h; sourceTree = "<group>"; };
		970790F319E1724F0095EB4C /* ZBarReaderController.h */ = {isa = PBXFileReference; fileEncoding = 4; lastKnownFileType = sourcecode.c.h; path = ZBarReaderController.h; sourceTree = "<group>"; };
		970790F419E1724F0095EB4C /* ZBarReaderView.h */ = {isa = PBXFileReference; fileEncoding = 4; lastKnownFileType = sourcecode.c.h; path = ZBarReaderView.h; sourceTree = "<group>"; };
		970790F519E1724F0095EB4C /* ZBarReaderViewController.h */ = {isa = PBXFileReference; fileEncoding = 4; lastKnownFileType = sourcecode.c.h; path = ZBarReaderViewController.h; sourceTree = "<group>"; };
		970790F619E1724F0095EB4C /* ZBarSDK.h */ = {isa = PBXFileReference; fileEncoding = 4; lastKnownFileType = sourcecode.c.h; path = ZBarSDK.h; sourceTree = "<group>"; };
		970790F719E1724F0095EB4C /* ZBarSymbol.h */ = {isa = PBXFileReference; fileEncoding = 4; lastKnownFileType = sourcecode.c.h; path = ZBarSymbol.h; sourceTree = "<group>"; };
		970790F819E1724F0095EB4C /* libzbar.a */ = {isa = PBXFileReference; lastKnownFileType = archive.ar; path = libzbar.a; sourceTree = "<group>"; };
		970790FA19E1724F0095EB4C /* zbar-back.png */ = {isa = PBXFileReference; lastKnownFileType = image.png; path = "zbar-back.png"; sourceTree = "<group>"; };
		970790FB19E1724F0095EB4C /* zbar-help.html */ = {isa = PBXFileReference; fileEncoding = 4; lastKnownFileType = text.html; path = "zbar-help.html"; sourceTree = "<group>"; };
		970790FC19E1724F0095EB4C /* zbar-helpicons.png */ = {isa = PBXFileReference; lastKnownFileType = image.png; path = "zbar-helpicons.png"; sourceTree = "<group>"; };
		970790FD19E1724F0095EB4C /* zbar-samples.png */ = {isa = PBXFileReference; lastKnownFileType = image.png; path = "zbar-samples.png"; sourceTree = "<group>"; };
		972F5E5019D39F76008D0DDF /* RegionTableViewController.h */ = {isa = PBXFileReference; fileEncoding = 4; lastKnownFileType = sourcecode.c.h; path = RegionTableViewController.h; sourceTree = "<group>"; };
		972F5E5119D39F76008D0DDF /* RegionTableViewController.m */ = {isa = PBXFileReference; fileEncoding = 4; lastKnownFileType = sourcecode.c.objc; path = RegionTableViewController.m; sourceTree = "<group>"; };
		972F5E5319D410DB008D0DDF /* Comment.h */ = {isa = PBXFileReference; fileEncoding = 4; lastKnownFileType = sourcecode.c.h; path = Comment.h; sourceTree = "<group>"; };
		972F5E5419D410DB008D0DDF /* Comment.m */ = {isa = PBXFileReference; fileEncoding = 4; lastKnownFileType = sourcecode.c.objc; path = Comment.m; sourceTree = "<group>"; };
		9737041219CB38C2008949FB /* CoreMedia.framework */ = {isa = PBXFileReference; lastKnownFileType = wrapper.framework; name = CoreMedia.framework; path = System/Library/Frameworks/CoreMedia.framework; sourceTree = SDKROOT; };
		9737041419CB38C9008949FB /* CoreVideo.framework */ = {isa = PBXFileReference; lastKnownFileType = wrapper.framework; name = CoreVideo.framework; path = System/Library/Frameworks/CoreVideo.framework; sourceTree = SDKROOT; };
		9737041619CB38CF008949FB /* QuartzCore.framework */ = {isa = PBXFileReference; lastKnownFileType = wrapper.framework; name = QuartzCore.framework; path = System/Library/Frameworks/QuartzCore.framework; sourceTree = SDKROOT; };
		9737041819CB38DD008949FB /* AVFoundation.framework */ = {isa = PBXFileReference; lastKnownFileType = wrapper.framework; name = AVFoundation.framework; path = System/Library/Frameworks/AVFoundation.framework; sourceTree = SDKROOT; };
		9746071C19D8EE8500F6E03A /* ChangePhoneNumberViewController.h */ = {isa = PBXFileReference; fileEncoding = 4; lastKnownFileType = sourcecode.c.h; path = ChangePhoneNumberViewController.h; sourceTree = "<group>"; };
		9746071D19D8EE8500F6E03A /* ChangePhoneNumberViewController.m */ = {isa = PBXFileReference; fileEncoding = 4; lastKnownFileType = sourcecode.c.objc; path = ChangePhoneNumberViewController.m; sourceTree = "<group>"; };
		97553C3B19C090DE0034B446 /* AuthenticationViewController.h */ = {isa = PBXFileReference; fileEncoding = 4; lastKnownFileType = sourcecode.c.h; path = AuthenticationViewController.h; sourceTree = "<group>"; };
		97553C3C19C090DE0034B446 /* AuthenticationViewController.m */ = {isa = PBXFileReference; fileEncoding = 4; lastKnownFileType = sourcecode.c.objc; path = AuthenticationViewController.m; sourceTree = "<group>"; };
		9755FF1219E559660093F90C /* qrcode_for_gh_9435ba066d3c_430.jpg */ = {isa = PBXFileReference; lastKnownFileType = image.jpeg; path = qrcode_for_gh_9435ba066d3c_430.jpg; sourceTree = "<group>"; };
		9755FF1419E559EF0093F90C /* PublicAccountTableViewController.h */ = {isa = PBXFileReference; fileEncoding = 4; lastKnownFileType = sourcecode.c.h; path = PublicAccountTableViewController.h; sourceTree = "<group>"; };
		9755FF1519E559EF0093F90C /* PublicAccountTableViewController.m */ = {isa = PBXFileReference; fileEncoding = 4; lastKnownFileType = sourcecode.c.objc; path = PublicAccountTableViewController.m; sourceTree = "<group>"; };
		9758DD5419D4196E003E0A9E /* BookCommentTableViewController.h */ = {isa = PBXFileReference; fileEncoding = 4; lastKnownFileType = sourcecode.c.h; path = BookCommentTableViewController.h; sourceTree = "<group>"; };
		9758DD5519D4196E003E0A9E /* BookCommentTableViewController.m */ = {isa = PBXFileReference; fileEncoding = 4; lastKnownFileType = sourcecode.c.objc; path = BookCommentTableViewController.m; sourceTree = "<group>"; };
		9758DD5719D41990003E0A9E /* BookCommentTableViewCell.h */ = {isa = PBXFileReference; fileEncoding = 4; lastKnownFileType = sourcecode.c.h; path = BookCommentTableViewCell.h; sourceTree = "<group>"; };
		9758DD5819D41990003E0A9E /* BookCommentTableViewCell.m */ = {isa = PBXFileReference; fileEncoding = 4; lastKnownFileType = sourcecode.c.objc; path = BookCommentTableViewCell.m; sourceTree = "<group>"; };
		9759AFEE19C184BD008EFCC2 /* Friend.h */ = {isa = PBXFileReference; fileEncoding = 4; lastKnownFileType = sourcecode.c.h; path = Friend.h; sourceTree = "<group>"; };
		9759AFEF19C184BD008EFCC2 /* Friend.m */ = {isa = PBXFileReference; fileEncoding = 4; lastKnownFileType = sourcecode.c.objc; path = Friend.m; sourceTree = "<group>"; };
		9759AFF119C18B11008EFCC2 /* User.h */ = {isa = PBXFileReference; fileEncoding = 4; lastKnownFileType = sourcecode.c.h; path = User.h; sourceTree = "<group>"; };
		9759AFF219C18B11008EFCC2 /* User.m */ = {isa = PBXFileReference; fileEncoding = 4; lastKnownFileType = sourcecode.c.objc; path = User.m; sourceTree = "<group>"; };
		9759AFF819C19976008EFCC2 /* UserManager.h */ = {isa = PBXFileReference; fileEncoding = 4; lastKnownFileType = sourcecode.c.h; path = UserManager.h; sourceTree = "<group>"; };
		9759AFF919C19976008EFCC2 /* UserManager.m */ = {isa = PBXFileReference; fileEncoding = 4; lastKnownFileType = sourcecode.c.objc; path = UserManager.m; sourceTree = "<group>"; };
		9765EC3219D06BDE00066289 /* ChangeNameViewController.h */ = {isa = PBXFileReference; fileEncoding = 4; lastKnownFileType = sourcecode.c.h; path = ChangeNameViewController.h; sourceTree = "<group>"; };
		9765EC3319D06BDE00066289 /* ChangeNameViewController.m */ = {isa = PBXFileReference; fileEncoding = 4; lastKnownFileType = sourcecode.c.objc; path = ChangeNameViewController.m; sourceTree = "<group>"; };
		9766FC9919BF30980089C89B /* LoginViewController.h */ = {isa = PBXFileReference; fileEncoding = 4; lastKnownFileType = sourcecode.c.h; path = LoginViewController.h; sourceTree = "<group>"; };
		9766FC9A19BF30980089C89B /* LoginViewController.m */ = {isa = PBXFileReference; fileEncoding = 4; lastKnownFileType = sourcecode.c.objc; path = LoginViewController.m; sourceTree = "<group>"; };
		9770923619C583CD001A3ED6 /* ActionSheetHelper.h */ = {isa = PBXFileReference; fileEncoding = 4; lastKnownFileType = sourcecode.c.h; path = ActionSheetHelper.h; sourceTree = "<group>"; };
		9770923719C583CD001A3ED6 /* ActionSheetHelper.m */ = {isa = PBXFileReference; fileEncoding = 4; lastKnownFileType = sourcecode.c.objc; path = ActionSheetHelper.m; sourceTree = "<group>"; };
		977FEDB419CEA102000E0154 /* CustomActivityIndicator.h */ = {isa = PBXFileReference; fileEncoding = 4; lastKnownFileType = sourcecode.c.h; path = CustomActivityIndicator.h; sourceTree = "<group>"; };
		977FEDB519CEA102000E0154 /* CustomActivityIndicator.m */ = {isa = PBXFileReference; fileEncoding = 4; lastKnownFileType = sourcecode.c.objc; path = CustomActivityIndicator.m; sourceTree = "<group>"; };
		9797378019E91A0B00CBDF29 /* DateHelper.h */ = {isa = PBXFileReference; fileEncoding = 4; lastKnownFileType = sourcecode.c.h; path = DateHelper.h; sourceTree = "<group>"; };
		9797378119E91A0B00CBDF29 /* DateHelper.m */ = {isa = PBXFileReference; fileEncoding = 4; lastKnownFileType = sourcecode.c.objc; path = DateHelper.m; sourceTree = "<group>"; };
		97B59F3819D2560D0063CFA8 /* CityTableViewController.h */ = {isa = PBXFileReference; fileEncoding = 4; lastKnownFileType = sourcecode.c.h; path = CityTableViewController.h; sourceTree = "<group>"; };
		97B59F3919D2560D0063CFA8 /* CityTableViewController.m */ = {isa = PBXFileReference; fileEncoding = 4; lastKnownFileType = sourcecode.c.objc; path = CityTableViewController.m; sourceTree = "<group>"; };
		97C5289F19BC34B600388375 /* AlertHelper.h */ = {isa = PBXFileReference; fileEncoding = 4; lastKnownFileType = sourcecode.c.h; path = AlertHelper.h; sourceTree = "<group>"; };
		97C528A019BC34B600388375 /* AlertHelper.m */ = {isa = PBXFileReference; fileEncoding = 4; lastKnownFileType = sourcecode.c.objc; path = AlertHelper.m; sourceTree = "<group>"; };
		97C528A219BC761000388375 /* RegisterViewController.h */ = {isa = PBXFileReference; fileEncoding = 4; lastKnownFileType = sourcecode.c.h; path = RegisterViewController.h; sourceTree = "<group>"; };
		97C528A319BC761000388375 /* RegisterViewController.m */ = {isa = PBXFileReference; fileEncoding = 4; lastKnownFileType = sourcecode.c.objc; path = RegisterViewController.m; sourceTree = "<group>"; };
		97C528A519BC785800388375 /* DoubanHeaders.h */ = {isa = PBXFileReference; lastKnownFileType = sourcecode.c.h; path = DoubanHeaders.h; sourceTree = "<group>"; };
		97CE0A0219D6F0260071B414 /* CustomAlert.h */ = {isa = PBXFileReference; fileEncoding = 4; lastKnownFileType = sourcecode.c.h; path = CustomAlert.h; sourceTree = "<group>"; };
		97CE0A0319D6F0260071B414 /* CustomAlert.m */ = {isa = PBXFileReference; fileEncoding = 4; lastKnownFileType = sourcecode.c.objc; path = CustomAlert.m; sourceTree = "<group>"; };
		97DDA8DD19AF7F430055C7E5 /* SearchTableViewController.h */ = {isa = PBXFileReference; fileEncoding = 4; lastKnownFileType = sourcecode.c.h; path = SearchTableViewController.h; sourceTree = "<group>"; };
		97DDA8DE19AF7F430055C7E5 /* SearchTableViewController.m */ = {isa = PBXFileReference; fileEncoding = 4; lastKnownFileType = sourcecode.c.objc; path = SearchTableViewController.m; sourceTree = "<group>"; };
		97F306B019BD45800010E91F /* NSData+AES256.h */ = {isa = PBXFileReference; fileEncoding = 4; lastKnownFileType = sourcecode.c.h; path = "NSData+AES256.h"; sourceTree = "<group>"; };
		97F306B119BD45800010E91F /* NSData+AES256.m */ = {isa = PBXFileReference; fileEncoding = 4; lastKnownFileType = sourcecode.c.objc; path = "NSData+AES256.m"; sourceTree = "<group>"; };
		97F306B319BD47D10010E91F /* NSString+AES256.h */ = {isa = PBXFileReference; fileEncoding = 4; lastKnownFileType = sourcecode.c.h; path = "NSString+AES256.h"; sourceTree = "<group>"; };
		97F306B419BD47D10010E91F /* NSString+AES256.m */ = {isa = PBXFileReference; fileEncoding = 4; lastKnownFileType = sourcecode.c.objc; path = "NSString+AES256.m"; sourceTree = "<group>"; };
		97F65AC019AE0A7D00B9DC93 /* JsonDataFetcher.h */ = {isa = PBXFileReference; fileEncoding = 4; lastKnownFileType = sourcecode.c.h; path = JsonDataFetcher.h; sourceTree = "<group>"; };
		97F65AC119AE0A7D00B9DC93 /* JsonDataFetcher.m */ = {isa = PBXFileReference; fileEncoding = 4; lastKnownFileType = sourcecode.c.objc; path = JsonDataFetcher.m; sourceTree = "<group>"; };
		97F65AC519AE0B1200B9DC93 /* DataConverter.h */ = {isa = PBXFileReference; fileEncoding = 4; lastKnownFileType = sourcecode.c.h; path = DataConverter.h; sourceTree = "<group>"; };
		97F65AC619AE0B1200B9DC93 /* DataConverter.m */ = {isa = PBXFileReference; fileEncoding = 4; lastKnownFileType = sourcecode.c.objc; path = DataConverter.m; sourceTree = "<group>"; };
		97F973C419B5FBF4007AAD47 /* BookStore.h */ = {isa = PBXFileReference; fileEncoding = 4; lastKnownFileType = sourcecode.c.h; path = BookStore.h; sourceTree = "<group>"; };
		97F973C519B5FBF4007AAD47 /* BookStore.m */ = {isa = PBXFileReference; fileEncoding = 4; lastKnownFileType = sourcecode.c.objc; path = BookStore.m; sourceTree = "<group>"; };
		97FF912019D11EA7006944BD /* city.plist */ = {isa = PBXFileReference; fileEncoding = 4; lastKnownFileType = text.plist.xml; path = city.plist; sourceTree = "<group>"; };
		97FF912719D13475006944BD /* ProvinceTableViewController.h */ = {isa = PBXFileReference; fileEncoding = 4; lastKnownFileType = sourcecode.c.h; path = ProvinceTableViewController.h; sourceTree = "<group>"; };
		97FF912819D13475006944BD /* ProvinceTableViewController.m */ = {isa = PBXFileReference; fileEncoding = 4; lastKnownFileType = sourcecode.c.objc; path = ProvinceTableViewController.m; sourceTree = "<group>"; };
		9FFAC14665174BE691ED257B /* libPods.a */ = {isa = PBXFileReference; explicitFileType = archive.ar; includeInIndex = 0; path = libPods.a; sourceTree = BUILT_PRODUCTS_DIR; };
/* End PBXFileReference section */

/* Begin PBXFrameworksBuildPhase section */
		9471DBE619A5837700F1A291 /* Frameworks */ = {
			isa = PBXFrameworksBuildPhase;
			buildActionMask = 2147483647;
			files = (
				970790FE19E1724F0095EB4C /* libzbar.a in Frameworks */,
				94E1A15119DEBA4C004BB148 /* ShareSDK.framework in Frameworks */,
				94E1A15C19DEBAA9004BB148 /* Security.framework in Frameworks */,
				94E1A15A19DEBAA2004BB148 /* libz.1.2.5.dylib in Frameworks */,
				94E1A15819DEBA9A004BB148 /* libicucore.dylib in Frameworks */,
				94E1A15619DEBA8F004BB148 /* CoreTelephony.framework in Frameworks */,
				9483F1C419CB482300316CED /* QuartzCore.framework in Frameworks */,
				94C1711C19D01D6100656EDB /* SystemConfiguration.framework in Frameworks */,
				94C1712A19D0308100656EDB /* libz.dylib in Frameworks */,
				94E1A15419DEBA4C004BB148 /* ShareSDKShareActionSheet.framework in Frameworks */,
				94C1712F19D0364800656EDB /* Foundation.framework in Frameworks */,
				94E1A14B19DEBA4C004BB148 /* WeChatConnection.framework in Frameworks */,
				94C1712219D01D7A00656EDB /* CFNetwork.framework in Frameworks */,
				94C1712019D01D7300656EDB /* CoreGraphics.framework in Frameworks */,
				94C1711E19D01D6900656EDB /* MobileCoreServices.framework in Frameworks */,
				94895DAC19D832E20072174E /* libMobClickLibrary.a in Frameworks */,
				94E1A14C19DEBA4C004BB148 /* AGCommon.framework in Frameworks */,
				9483F1CB19CB48F400316CED /* libiconv.dylib in Frameworks */,
				94E1A15319DEBA4C004BB148 /* ShareSDKFlatShareViewUI.framework in Frameworks */,
				94E1A15019DEBA4C004BB148 /* libWeChatSDK.a in Frameworks */,
				9483F1C319CB481D00316CED /* CoreVideo.framework in Frameworks */,
				94E1A14A19DEBA4C004BB148 /* DouBanConnection.framework in Frameworks */,
				9483F1C219CB481600316CED /* CoreMedia.framework in Frameworks */,
				9483F1C119CB480F00316CED /* AVFoundation.framework in Frameworks */,
				94E1A14F19DEBA4C004BB148 /* ShareSDKCoreService.framework in Frameworks */,
				CC37A0125E5B473B82F68B12 /* libPods.a in Frameworks */,
			);
			runOnlyForDeploymentPostprocessing = 0;
		};
		9471DBFF19A5837700F1A291 /* Frameworks */ = {
			isa = PBXFrameworksBuildPhase;
			buildActionMask = 2147483647;
			files = (
			);
			runOnlyForDeploymentPostprocessing = 0;
		};
/* End PBXFrameworksBuildPhase section */

/* Begin PBXGroup section */
		9412E2F019A9E4C5008D243C /* More */ = {
			isa = PBXGroup;
			children = (
				94BB409319C283CB005BBD8E /* MoreTableViewController.h */,
				94BB409419C283CB005BBD8E /* MoreTableViewController.m */,
				9471FFC819D6E6B90082C2C7 /* AboutTableViewController.h */,
				9471FFC919D6E6B90082C2C7 /* AboutTableViewController.m */,
				9755FF1419E559EF0093F90C /* PublicAccountTableViewController.h */,
				9755FF1519E559EF0093F90C /* PublicAccountTableViewController.m */,
				9471D41419D2CEBD00AEBE7D /* Settings */,
			);
			name = More;
			sourceTree = "<group>";
		};
		9412E2F119A9E4CD008D243C /* MyBooks */ = {
			isa = PBXGroup;
			children = (
				9758DD5319D41934003E0A9E /* Book_comment */,
				9471D41219D2CE4D00AEBE7D /* All_books */,
				9471D41319D2CE5900AEBE7D /* Book_detail */,
				94E3EA3619C6EBA800C38FEB /* Friends_who_has_a_book */,
			);
			name = MyBooks;
			sourceTree = "<group>";
		};
		9412E2F219A9E4D4008D243C /* Login */ = {
			isa = PBXGroup;
			children = (
				9471DC2919A974AB00F1A291 /* PreLoginView.h */,
				9471DC2A19A974AB00F1A291 /* PreLoginView.m */,
				9471DC2E19A9895000F1A291 /* PreLoginView.xib */,
				97553C3B19C090DE0034B446 /* AuthenticationViewController.h */,
				97553C3C19C090DE0034B446 /* AuthenticationViewController.m */,
				9766FC9919BF30980089C89B /* LoginViewController.h */,
				9766FC9A19BF30980089C89B /* LoginViewController.m */,
				97C528A219BC761000388375 /* RegisterViewController.h */,
				97C528A319BC761000388375 /* RegisterViewController.m */,
			);
			name = Login;
			sourceTree = "<group>";
		};
		9471D41219D2CE4D00AEBE7D /* All_books */ = {
			isa = PBXGroup;
			children = (
				9471DC2519A9689E00F1A291 /* MyBooksTableViewController.h */,
				9471DC2619A9689E00F1A291 /* MyBooksTableViewController.m */,
				9412E2F919AA0D82008D243C /* BookTableViewCell.h */,
				9412E2FA19AA0D82008D243C /* BookTableViewCell.m */,
			);
			name = All_books;
			sourceTree = "<group>";
		};
		9471D41319D2CE5900AEBE7D /* Book_detail */ = {
			isa = PBXGroup;
			children = (
				94B23BAC19C3F61B009896BE /* BookDetailTableViewController.h */,
				94B23BAD19C3F61B009896BE /* BookDetailTableViewController.m */,
			);
			name = Book_detail;
			sourceTree = "<group>";
		};
		9471D41419D2CEBD00AEBE7D /* Settings */ = {
			isa = PBXGroup;
			children = (
				94F922B319CFAE0F00F96B09 /* SettingsTableViewController.h */,
				94F922B419CFAE0F00F96B09 /* SettingsTableViewController.m */,
				9746071C19D8EE8500F6E03A /* ChangePhoneNumberViewController.h */,
				9746071D19D8EE8500F6E03A /* ChangePhoneNumberViewController.m */,
				9765EC3219D06BDE00066289 /* ChangeNameViewController.h */,
				9765EC3319D06BDE00066289 /* ChangeNameViewController.m */,
				972F5E5019D39F76008D0DDF /* RegionTableViewController.h */,
				972F5E5119D39F76008D0DDF /* RegionTableViewController.m */,
				97FF912719D13475006944BD /* ProvinceTableViewController.h */,
				97FF912819D13475006944BD /* ProvinceTableViewController.m */,
				97B59F3819D2560D0063CFA8 /* CityTableViewController.h */,
				97B59F3919D2560D0063CFA8 /* CityTableViewController.m */,
			);
			name = Settings;
			sourceTree = "<group>";
		};
		9471DBE019A5837700F1A291 = {
			isa = PBXGroup;
			children = (
				9471DBEB19A5837700F1A291 /* JieShuQuan */,
				9471DC0519A5837700F1A291 /* JieShuQuanTests */,
				9471DBEA19A5837700F1A291 /* Products */,
				867F1904ABF9491EBD0C1D65 /* Pods.xcconfig */,
				A7AB360B7F99499680B8DBAC /* Frameworks */,
			);
			sourceTree = "<group>";
		};
		9471DBEA19A5837700F1A291 /* Products */ = {
			isa = PBXGroup;
			children = (
				9471DBE919A5837700F1A291 /* JieShuQuan.app */,
				9471DC0219A5837700F1A291 /* JieShuQuanTests.xctest */,
			);
			name = Products;
			sourceTree = "<group>";
		};
		9471DBEB19A5837700F1A291 /* JieShuQuan */ = {
			isa = PBXGroup;
			children = (
				9471DBF019A5837700F1A291 /* AppDelegate.h */,
				9471DBF119A5837700F1A291 /* AppDelegate.m */,
				9471DBF919A5837700F1A291 /* Main.storyboard */,
				9759AFFB19C1997D008EFCC2 /* Manager */,
				9770923919C5842C001A3ED6 /* ViewHelper */,
				9759AFF419C19012008EFCC2 /* Network */,
				948615F119BC1434001837BF /* Utils */,
				97F65AC319AE0A8300B9DC93 /* Model */,
				9412E2F219A9E4D4008D243C /* Login */,
				9412E2F119A9E4CD008D243C /* MyBooks */,
				94BB408219C172E4005BBD8E /* Friends */,
				97F65ABF19AE03E200B9DC93 /* Search */,
				9412E2F019A9E4C5008D243C /* More */,
				9471DBFC19A5837700F1A291 /* Images.xcassets */,
				9471DBF319A5837700F1A291 /* JieShuQuan.xcdatamodeld */,
				970790E019E1724F0095EB4C /* LibzBar */,
				94E1A13519DEBA4C004BB148 /* ShareSDK */,
				94895DAD19D832F70072174E /* MobClick */,
				94F7709419D01C3B003FA1CD /* ASIHTTPRequest */,
				9471DBEC19A5837700F1A291 /* Supporting Files */,
			);
			path = JieShuQuan;
			sourceTree = "<group>";
		};
		9471DBEC19A5837700F1A291 /* Supporting Files */ = {
			isa = PBXGroup;
			children = (
				9755FF1219E559660093F90C /* qrcode_for_gh_9435ba066d3c_430.jpg */,
				94BB40B619C33770005BBD8E /* log-in-user.png */,
				94BB40B719C33770005BBD8E /* log-out-user.png */,
				9471DBED19A5837700F1A291 /* Info.plist */,
				97FF912019D11EA7006944BD /* city.plist */,
				9471DBEE19A5837700F1A291 /* main.m */,
			);
			name = "Supporting Files";
			sourceTree = "<group>";
		};
		9471DC0519A5837700F1A291 /* JieShuQuanTests */ = {
			isa = PBXGroup;
			children = (
				9471DC0819A5837700F1A291 /* JieShuQuanTests.m */,
				9471DC0619A5837700F1A291 /* Supporting Files */,
			);
			path = JieShuQuanTests;
			sourceTree = "<group>";
		};
		9471DC0619A5837700F1A291 /* Supporting Files */ = {
			isa = PBXGroup;
			children = (
				9471DC0719A5837700F1A291 /* Info.plist */,
			);
			name = "Supporting Files";
			sourceTree = "<group>";
		};
		948615F119BC1434001837BF /* Utils */ = {
			isa = PBXGroup;
			children = (
				97C528A519BC785800388375 /* DoubanHeaders.h */,
				9476057A19C074D800FA8E74 /* ServerHeaders.h */,
				97F65AC519AE0B1200B9DC93 /* DataConverter.h */,
				97F65AC619AE0B1200B9DC93 /* DataConverter.m */,
				97F306B019BD45800010E91F /* NSData+AES256.h */,
				97F306B119BD45800010E91F /* NSData+AES256.m */,
				97F306B319BD47D10010E91F /* NSString+AES256.h */,
				97F306B419BD47D10010E91F /* NSString+AES256.m */,
				9476057719C06AC700FA8E74 /* FormatValidator.h */,
				9476057819C06AC700FA8E74 /* FormatValidator.m */,
				94F922B619CFC28700F96B09 /* ImageHelper.h */,
				94F922B719CFC28700F96B09 /* ImageHelper.m */,
				9797378019E91A0B00CBDF29 /* DateHelper.h */,
				9797378119E91A0B00CBDF29 /* DateHelper.m */,
			);
			name = Utils;
			sourceTree = "<group>";
		};
		94895DAD19D832F70072174E /* MobClick */ = {
			isa = PBXGroup;
			children = (
				94895DAA19D832E20072174E /* libMobClickLibrary.a */,
				94895DAB19D832E20072174E /* MobClick.h */,
			);
			name = MobClick;
			sourceTree = "<group>";
		};
		94BB408219C172E4005BBD8E /* Friends */ = {
			isa = PBXGroup;
			children = (
				94BB409119C18BD5005BBD8E /* All_friends */,
				94BB409219C18BE6005BBD8E /* Friend_detail */,
			);
			name = Friends;
			sourceTree = "<group>";
		};
		94BB409119C18BD5005BBD8E /* All_friends */ = {
			isa = PBXGroup;
			children = (
				94BB408319C172FE005BBD8E /* FriendsTableViewController.h */,
				94BB408419C172FE005BBD8E /* FriendsTableViewController.m */,
				94BB408619C17378005BBD8E /* FriendInfoTableViewCell.h */,
				94BB408719C17378005BBD8E /* FriendInfoTableViewCell.m */,
			);
			name = All_friends;
			sourceTree = "<group>";
		};
		94BB409219C18BE6005BBD8E /* Friend_detail */ = {
			isa = PBXGroup;
			children = (
				94BB408B19C183E1005BBD8E /* FriendDetailTableViewController.h */,
				94BB408C19C183E1005BBD8E /* FriendDetailTableViewController.m */,
				94BB408E19C184EC005BBD8E /* FriendBookTableViewCell.h */,
				94BB408F19C184EC005BBD8E /* FriendBookTableViewCell.m */,
			);
			name = Friend_detail;
			sourceTree = "<group>";
		};
		94E1A13519DEBA4C004BB148 /* ShareSDK */ = {
			isa = PBXGroup;
			children = (
				94E1A13619DEBA4C004BB148 /* Connection */,
				94E1A13919DEBA4C004BB148 /* Core */,
				94E1A14019DEBA4C004BB148 /* Extend */,
				94E1A14519DEBA4C004BB148 /* ShareSDK.framework */,
				94E1A14619DEBA4C004BB148 /* UI */,
			);
			path = ShareSDK;
			sourceTree = "<group>";
		};
		94E1A13619DEBA4C004BB148 /* Connection */ = {
			isa = PBXGroup;
			children = (
				94E1A13719DEBA4C004BB148 /* DouBanConnection.framework */,
				94E1A13819DEBA4C004BB148 /* WeChatConnection.framework */,
			);
			path = Connection;
			sourceTree = "<group>";
		};
		94E1A13919DEBA4C004BB148 /* Core */ = {
			isa = PBXGroup;
			children = (
				94E1A13A19DEBA4C004BB148 /* AGCommon.framework */,
				94E1A13B19DEBA4C004BB148 /* ShareSDKLocalizable.strings */,
				94E1A13D19DEBA4C004BB148 /* Resource.bundle */,
				94E1A13E19DEBA4C004BB148 /* ShareSDKCoreService.framework */,
			);
			path = Core;
			sourceTree = "<group>";
		};
		94E1A14019DEBA4C004BB148 /* Extend */ = {
			isa = PBXGroup;
			children = (
				94E1A14119DEBA4C004BB148 /* WeChatSDK */,
			);
			path = Extend;
			sourceTree = "<group>";
		};
		94E1A14119DEBA4C004BB148 /* WeChatSDK */ = {
			isa = PBXGroup;
			children = (
				94E1A14219DEBA4C004BB148 /* libWeChatSDK.a */,
				94E1A14319DEBA4C004BB148 /* WXApi.h */,
				94E1A14419DEBA4C004BB148 /* WXApiObject.h */,
			);
			path = WeChatSDK;
			sourceTree = "<group>";
		};
		94E1A14619DEBA4C004BB148 /* UI */ = {
			isa = PBXGroup;
			children = (
				94E1A14719DEBA4C004BB148 /* ShareSDKFlatShareViewUI.bundle */,
				94E1A14819DEBA4C004BB148 /* ShareSDKFlatShareViewUI.framework */,
				94E1A14919DEBA4C004BB148 /* ShareSDKShareActionSheet.framework */,
			);
			path = UI;
			sourceTree = "<group>";
		};
		94E3EA3619C6EBA800C38FEB /* Friends_who_has_a_book */ = {
			isa = PBXGroup;
			children = (
				94E3EA3719C6EBF500C38FEB /* FriendsHasBookTableViewController.h */,
				94E3EA3819C6EBF500C38FEB /* FriendsHasBookTableViewController.m */,
				94B25A8519C8457500BA93CA /* FriendHasBookTableViewCell.h */,
				94B25A8619C8457500BA93CA /* FriendHasBookTableViewCell.m */,
			);
			name = Friends_who_has_a_book;
			sourceTree = "<group>";
		};
		94E5039519BAF998004CEBC6 /* DataStore */ = {
			isa = PBXGroup;
			children = (
				97F973C419B5FBF4007AAD47 /* BookStore.h */,
				97F973C519B5FBF4007AAD47 /* BookStore.m */,
				94E5039219BAF98E004CEBC6 /* UserStore.h */,
				94E5039319BAF98E004CEBC6 /* UserStore.m */,
				94E3EA3A19C7069F00C38FEB /* FriendStore.h */,
				94E3EA3B19C7069F00C38FEB /* FriendStore.m */,
				948615EE19BC0FD1001837BF /* Store.h */,
				948615EF19BC0FD1001837BF /* Store.m */,
			);
			name = DataStore;
			sourceTree = "<group>";
		};
		94F7709419D01C3B003FA1CD /* ASIHTTPRequest */ = {
			isa = PBXGroup;
			children = (
				94C1712719D02B5D00656EDB /* Reachability.h */,
				94C1712819D02B5D00656EDB /* Reachability.m */,
				94C170FC19D01D3000656EDB /* ASIAuthenticationDialog.h */,
				94C170FD19D01D3000656EDB /* ASIAuthenticationDialog.m */,
				94C170FE19D01D3000656EDB /* ASICacheDelegate.h */,
				94C170FF19D01D3000656EDB /* ASIDataCompressor.h */,
				94C1710019D01D3000656EDB /* ASIDataCompressor.m */,
				94C1710119D01D3000656EDB /* ASIDataDecompressor.h */,
				94C1710219D01D3000656EDB /* ASIDataDecompressor.m */,
				94C1710319D01D3000656EDB /* ASIDownloadCache.h */,
				94C1710419D01D3000656EDB /* ASIDownloadCache.m */,
				94C1710519D01D3000656EDB /* ASIFormDataRequest.h */,
				94C1710619D01D3000656EDB /* ASIFormDataRequest.m */,
				94C1710719D01D3000656EDB /* ASIHTTPRequest.h */,
				94C1710819D01D3000656EDB /* ASIHTTPRequest.m */,
				94C1710919D01D3000656EDB /* ASIHTTPRequestConfig.h */,
				94C1710A19D01D3000656EDB /* ASIHTTPRequestDelegate.h */,
				94C1710B19D01D3000656EDB /* ASIInputStream.h */,
				94C1710C19D01D3000656EDB /* ASIInputStream.m */,
				94C1710D19D01D3000656EDB /* ASINetworkQueue.h */,
				94C1710E19D01D3000656EDB /* ASINetworkQueue.m */,
				94C1710F19D01D3000656EDB /* ASIProgressDelegate.h */,
			);
			name = ASIHTTPRequest;
			sourceTree = "<group>";
		};
		970790E019E1724F0095EB4C /* LibzBar */ = {
			isa = PBXGroup;
			children = (
				970790E119E1724F0095EB4C /* Headers */,
				970790F819E1724F0095EB4C /* libzbar.a */,
				970790F919E1724F0095EB4C /* Resources */,
			);
			path = LibzBar;
			sourceTree = "<group>";
		};
		970790E119E1724F0095EB4C /* Headers */ = {
			isa = PBXGroup;
			children = (
				970790E219E1724F0095EB4C /* ZBarSDK */,
			);
			path = Headers;
			sourceTree = "<group>";
		};
		970790E219E1724F0095EB4C /* ZBarSDK */ = {
			isa = PBXGroup;
			children = (
				970790E319E1724F0095EB4C /* zbar */,
				970790ED19E1724F0095EB4C /* zbar.h */,
				970790EE19E1724F0095EB4C /* ZBarCameraSimulator.h */,
				970790EF19E1724F0095EB4C /* ZBarCaptureReader.h */,
				970790F019E1724F0095EB4C /* ZBarHelpController.h */,
				970790F119E1724F0095EB4C /* ZBarImage.h */,
				970790F219E1724F0095EB4C /* ZBarImageScanner.h */,
				970790F319E1724F0095EB4C /* ZBarReaderController.h */,
				970790F419E1724F0095EB4C /* ZBarReaderView.h */,
				970790F519E1724F0095EB4C /* ZBarReaderViewController.h */,
				970790F619E1724F0095EB4C /* ZBarSDK.h */,
				970790F719E1724F0095EB4C /* ZBarSymbol.h */,
			);
			path = ZBarSDK;
			sourceTree = "<group>";
		};
		970790E319E1724F0095EB4C /* zbar */ = {
			isa = PBXGroup;
			children = (
				970790E419E1724F0095EB4C /* Decoder.h */,
				970790E519E1724F0095EB4C /* Exception.h */,
				970790E619E1724F0095EB4C /* Image.h */,
				970790E719E1724F0095EB4C /* ImageScanner.h */,
				970790E819E1724F0095EB4C /* Processor.h */,
				970790E919E1724F0095EB4C /* Scanner.h */,
				970790EA19E1724F0095EB4C /* Symbol.h */,
				970790EB19E1724F0095EB4C /* Video.h */,
				970790EC19E1724F0095EB4C /* Window.h */,
			);
			path = zbar;
			sourceTree = "<group>";
		};
		970790F919E1724F0095EB4C /* Resources */ = {
			isa = PBXGroup;
			children = (
				970790FA19E1724F0095EB4C /* zbar-back.png */,
				970790FB19E1724F0095EB4C /* zbar-help.html */,
				970790FC19E1724F0095EB4C /* zbar-helpicons.png */,
				970790FD19E1724F0095EB4C /* zbar-samples.png */,
			);
			path = Resources;
			sourceTree = "<group>";
		};
		9758DD5319D41934003E0A9E /* Book_comment */ = {
			isa = PBXGroup;
			children = (
				9758DD5419D4196E003E0A9E /* BookCommentTableViewController.h */,
				9758DD5519D4196E003E0A9E /* BookCommentTableViewController.m */,
				9758DD5719D41990003E0A9E /* BookCommentTableViewCell.h */,
				9758DD5819D41990003E0A9E /* BookCommentTableViewCell.m */,
				945E932E19D42065002EC733 /* CreateCommentViewController.h */,
				945E932F19D42065002EC733 /* CreateCommentViewController.m */,
			);
			name = Book_comment;
			sourceTree = "<group>";
		};
		9759AFF419C19012008EFCC2 /* Network */ = {
			isa = PBXGroup;
			children = (
				9476057E19C07BC400FA8E74 /* RequestBuilder.h */,
				9476057F19C07BC400FA8E74 /* RequestBuilder.m */,
				97F65AC019AE0A7D00B9DC93 /* JsonDataFetcher.h */,
				97F65AC119AE0A7D00B9DC93 /* JsonDataFetcher.m */,
			);
			name = Network;
			sourceTree = "<group>";
		};
		9759AFFB19C1997D008EFCC2 /* Manager */ = {
			isa = PBXGroup;
			children = (
				9759AFF819C19976008EFCC2 /* UserManager.h */,
				9759AFF919C19976008EFCC2 /* UserManager.m */,
				94E9807C19CBE0CD00C7C1ED /* MailManager.h */,
				94E9807D19CBE0CD00C7C1ED /* MailManager.m */,
				94F922B919CFCDA800F96B09 /* AvatarManager.h */,
				94F922BA19CFCDA800F96B09 /* AvatarManager.m */,
				9471D40F19D2C3DD00AEBE7D /* CacheManager.h */,
				9471D41019D2C3DD00AEBE7D /* CacheManager.m */,
			);
			name = Manager;
			sourceTree = "<group>";
		};
		9770923919C5842C001A3ED6 /* ViewHelper */ = {
			isa = PBXGroup;
			children = (
				97C5289F19BC34B600388375 /* AlertHelper.h */,
				97C528A019BC34B600388375 /* AlertHelper.m */,
				9770923619C583CD001A3ED6 /* ActionSheetHelper.h */,
				9770923719C583CD001A3ED6 /* ActionSheetHelper.m */,
				94E980A319CC74E100C7C1ED /* MessageLabelHelper.h */,
				94E980A419CC74E100C7C1ED /* MessageLabelHelper.m */,
				977FEDB419CEA102000E0154 /* CustomActivityIndicator.h */,
				977FEDB519CEA102000E0154 /* CustomActivityIndicator.m */,
				97CE0A0219D6F0260071B414 /* CustomAlert.h */,
				97CE0A0319D6F0260071B414 /* CustomAlert.m */,
				9478A82519E0F840004E5806 /* TabBarItemHelper.h */,
				9478A82619E0F840004E5806 /* TabBarItemHelper.m */,
			);
			name = ViewHelper;
			sourceTree = "<group>";
		};
		97F65ABF19AE03E200B9DC93 /* Search */ = {
			isa = PBXGroup;
			children = (
				9476058419C15C6900FA8E74 /* SearchResultTableViewCell.h */,
				9476058519C15C6900FA8E74 /* SearchResultTableViewCell.m */,
				97DDA8DD19AF7F430055C7E5 /* SearchTableViewController.h */,
				97DDA8DE19AF7F430055C7E5 /* SearchTableViewController.m */,
			);
			name = Search;
			sourceTree = "<group>";
		};
		97F65AC319AE0A8300B9DC93 /* Model */ = {
			isa = PBXGroup;
			children = (
				9412E2F319A9FAC7008D243C /* Book.h */,
				9412E2F419A9FAC7008D243C /* Book.m */,
				9759AFF119C18B11008EFCC2 /* User.h */,
				9759AFF219C18B11008EFCC2 /* User.m */,
				9759AFEE19C184BD008EFCC2 /* Friend.h */,
				9759AFEF19C184BD008EFCC2 /* Friend.m */,
				972F5E5319D410DB008D0DDF /* Comment.h */,
				972F5E5419D410DB008D0DDF /* Comment.m */,
				94E5039519BAF998004CEBC6 /* DataStore */,
			);
			name = Model;
			sourceTree = "<group>";
		};
		A7AB360B7F99499680B8DBAC /* Frameworks */ = {
			isa = PBXGroup;
			children = (
				94E1A15F19DEBBA5004BB148 /* libsqlite3.dylib */,
				94E1A15D19DEBB98004BB148 /* libstdc++.dylib */,
				94E1A15B19DEBAA9004BB148 /* Security.framework */,
				94E1A15919DEBAA2004BB148 /* libz.1.2.5.dylib */,
				94E1A15719DEBA9A004BB148 /* libicucore.dylib */,
				94E1A15519DEBA8F004BB148 /* CoreTelephony.framework */,
				94C1712B19D0361100656EDB /* Foundation.framework */,
				94C1712519D01D8F00656EDB /* libz.dylib */,
				94C1712319D01D8300656EDB /* libxml2.dylib */,
				94C1712119D01D7A00656EDB /* CFNetwork.framework */,
				94C1711F19D01D7300656EDB /* CoreGraphics.framework */,
				94C1711D19D01D6900656EDB /* MobileCoreServices.framework */,
				94C1711B19D01D6100656EDB /* SystemConfiguration.framework */,
				9483F1C919CB48C500316CED /* libzbar.a */,
				9737041819CB38DD008949FB /* AVFoundation.framework */,
				9737041619CB38CF008949FB /* QuartzCore.framework */,
				9737041419CB38C9008949FB /* CoreVideo.framework */,
				9737041219CB38C2008949FB /* CoreMedia.framework */,
				94805C4719CADDB900CD762A /* libiconv.dylib */,
				9FFAC14665174BE691ED257B /* libPods.a */,
			);
			name = Frameworks;
			sourceTree = "<group>";
		};
/* End PBXGroup section */

/* Begin PBXNativeTarget section */
		9471DBE819A5837700F1A291 /* JieShuQuan */ = {
			isa = PBXNativeTarget;
			buildConfigurationList = 9471DC0C19A5837700F1A291 /* Build configuration list for PBXNativeTarget "JieShuQuan" */;
			buildPhases = (
				5B5B73C6427442A28A6E98EE /* Check Pods Manifest.lock */,
				9471DBE519A5837700F1A291 /* Sources */,
				9471DBE619A5837700F1A291 /* Frameworks */,
				9471DBE719A5837700F1A291 /* Resources */,
				17AFB6565CE44F5695AC6BE0 /* Copy Pods Resources */,
			);
			buildRules = (
			);
			dependencies = (
			);
			name = JieShuQuan;
			productName = JieShuQuan;
			productReference = 9471DBE919A5837700F1A291 /* JieShuQuan.app */;
			productType = "com.apple.product-type.application";
		};
		9471DC0119A5837700F1A291 /* JieShuQuanTests */ = {
			isa = PBXNativeTarget;
			buildConfigurationList = 9471DC0F19A5837700F1A291 /* Build configuration list for PBXNativeTarget "JieShuQuanTests" */;
			buildPhases = (
				9471DBFE19A5837700F1A291 /* Sources */,
				9471DBFF19A5837700F1A291 /* Frameworks */,
				9471DC0019A5837700F1A291 /* Resources */,
			);
			buildRules = (
			);
			dependencies = (
				9471DC0419A5837700F1A291 /* PBXTargetDependency */,
			);
			name = JieShuQuanTests;
			productName = JieShuQuanTests;
			productReference = 9471DC0219A5837700F1A291 /* JieShuQuanTests.xctest */;
			productType = "com.apple.product-type.bundle.unit-test";
		};
/* End PBXNativeTarget section */

/* Begin PBXProject section */
		9471DBE119A5837700F1A291 /* Project object */ = {
			isa = PBXProject;
			attributes = {
				LastUpgradeCheck = 0600;
				ORGANIZATIONNAME = JNXZ;
				TargetAttributes = {
					9471DBE819A5837700F1A291 = {
						CreatedOnToolsVersion = 6.0;
						DevelopmentTeam = P7DQ9D7MW9;
					};
					9471DC0119A5837700F1A291 = {
						CreatedOnToolsVersion = 6.0;
						TestTargetID = 9471DBE819A5837700F1A291;
					};
				};
			};
			buildConfigurationList = 9471DBE419A5837700F1A291 /* Build configuration list for PBXProject "JieShuQuan" */;
			compatibilityVersion = "Xcode 3.2";
			developmentRegion = English;
			hasScannedForEncodings = 0;
			knownRegions = (
				en,
				Base,
				"zh-Hans",
			);
			mainGroup = 9471DBE019A5837700F1A291;
			productRefGroup = 9471DBEA19A5837700F1A291 /* Products */;
			projectDirPath = "";
			projectRoot = "";
			targets = (
				9471DBE819A5837700F1A291 /* JieShuQuan */,
				9471DC0119A5837700F1A291 /* JieShuQuanTests */,
			);
		};
/* End PBXProject section */

/* Begin PBXResourcesBuildPhase section */
		9471DBE719A5837700F1A291 /* Resources */ = {
			isa = PBXResourcesBuildPhase;
			buildActionMask = 2147483647;
			files = (
				970790FF19E1724F0095EB4C /* zbar-back.png in Resources */,
				9471DBFB19A5837700F1A291 /* Main.storyboard in Resources */,
				94E1A14E19DEBA4C004BB148 /* Resource.bundle in Resources */,
				94BB40B919C33770005BBD8E /* log-out-user.png in Resources */,
				9707910219E1724F0095EB4C /* zbar-samples.png in Resources */,
				9707910119E1724F0095EB4C /* zbar-helpicons.png in Resources */,
				94E1A14D19DEBA4C004BB148 /* ShareSDKLocalizable.strings in Resources */,
				97FF912219D11EA7006944BD /* city.plist in Resources */,
				94E1A15219DEBA4C004BB148 /* ShareSDKFlatShareViewUI.bundle in Resources */,
				94BB40B819C33770005BBD8E /* log-in-user.png in Resources */,
				9471DBFD19A5837700F1A291 /* Images.xcassets in Resources */,
				9707910019E1724F0095EB4C /* zbar-help.html in Resources */,
				9471DC2F19A9895000F1A291 /* PreLoginView.xib in Resources */,
				9755FF1319E559660093F90C /* qrcode_for_gh_9435ba066d3c_430.jpg in Resources */,
			);
			runOnlyForDeploymentPostprocessing = 0;
		};
		9471DC0019A5837700F1A291 /* Resources */ = {
			isa = PBXResourcesBuildPhase;
			buildActionMask = 2147483647;
			files = (
			);
			runOnlyForDeploymentPostprocessing = 0;
		};
/* End PBXResourcesBuildPhase section */

/* Begin PBXShellScriptBuildPhase section */
		17AFB6565CE44F5695AC6BE0 /* Copy Pods Resources */ = {
			isa = PBXShellScriptBuildPhase;
			buildActionMask = 2147483647;
			files = (
			);
			inputPaths = (
			);
			name = "Copy Pods Resources";
			outputPaths = (
			);
			runOnlyForDeploymentPostprocessing = 0;
			shellPath = /bin/sh;
			shellScript = "\"${SRCROOT}/Pods/Pods-resources.sh\"\n";
			showEnvVarsInLog = 0;
		};
		5B5B73C6427442A28A6E98EE /* Check Pods Manifest.lock */ = {
			isa = PBXShellScriptBuildPhase;
			buildActionMask = 2147483647;
			files = (
			);
			inputPaths = (
			);
			name = "Check Pods Manifest.lock";
			outputPaths = (
			);
			runOnlyForDeploymentPostprocessing = 0;
			shellPath = /bin/sh;
			shellScript = "diff \"${PODS_ROOT}/../Podfile.lock\" \"${PODS_ROOT}/Manifest.lock\" > /dev/null\nif [[ $? != 0 ]] ; then\n    cat << EOM\nerror: The sandbox is not in sync with the Podfile.lock. Run 'pod install' or update your CocoaPods installation.\nEOM\n    exit 1\nfi\n";
			showEnvVarsInLog = 0;
		};
/* End PBXShellScriptBuildPhase section */

/* Begin PBXSourcesBuildPhase section */
		9471DBE519A5837700F1A291 /* Sources */ = {
			isa = PBXSourcesBuildPhase;
			buildActionMask = 2147483647;
			files = (
				972F5E5219D39F76008D0DDF /* RegionTableViewController.m in Sources */,
				97C528A119BC34B600388375 /* AlertHelper.m in Sources */,
				94C1711619D01D3000656EDB /* ASIFormDataRequest.m in Sources */,
				94BB408519C172FE005BBD8E /* FriendsTableViewController.m in Sources */,
				977FEDB619CEA102000E0154 /* CustomActivityIndicator.m in Sources */,
				9478A82719E0F840004E5806 /* TabBarItemHelper.m in Sources */,
				972F5E5519D410DB008D0DDF /* Comment.m in Sources */,
				9765EC3419D06BDE00066289 /* ChangeNameViewController.m in Sources */,
				9471FFCA19D6E6B90082C2C7 /* AboutTableViewController.m in Sources */,
				94C1712919D02B5D00656EDB /* Reachability.m in Sources */,
				9759AFFA19C19976008EFCC2 /* UserManager.m in Sources */,
				9770923819C583CD001A3ED6 /* ActionSheetHelper.m in Sources */,
				94BB409519C283CB005BBD8E /* MoreTableViewController.m in Sources */,
				97F306B219BD45800010E91F /* NSData+AES256.m in Sources */,
				9471DBF519A5837700F1A291 /* JieShuQuan.xcdatamodeld in Sources */,
				9471DC2B19A974AB00F1A291 /* PreLoginView.m in Sources */,
				9755FF1619E559EF0093F90C /* PublicAccountTableViewController.m in Sources */,
				94C1711919D01D3000656EDB /* ASINetworkQueue.m in Sources */,
				94F922BB19CFCDA800F96B09 /* AvatarManager.m in Sources */,
				97553C3D19C090DE0034B446 /* AuthenticationViewController.m in Sources */,
				97B59F3A19D2560D0063CFA8 /* CityTableViewController.m in Sources */,
				97F306B519BD47D10010E91F /* NSString+AES256.m in Sources */,
				94C1711719D01D3000656EDB /* ASIHTTPRequest.m in Sources */,
				94E9807E19CBE0CD00C7C1ED /* MailManager.m in Sources */,
				948615F019BC0FD1001837BF /* Store.m in Sources */,
				9476058619C15C6900FA8E74 /* SearchResultTableViewCell.m in Sources */,
				97DDA8DF19AF7F430055C7E5 /* SearchTableViewController.m in Sources */,
				9758DD5919D41990003E0A9E /* BookCommentTableViewCell.m in Sources */,
				9471D41119D2C3DD00AEBE7D /* CacheManager.m in Sources */,
				9471DBF219A5837700F1A291 /* AppDelegate.m in Sources */,
				9476058019C07BC400FA8E74 /* RequestBuilder.m in Sources */,
				94C1711819D01D3000656EDB /* ASIInputStream.m in Sources */,
				9471DC2719A9689E00F1A291 /* MyBooksTableViewController.m in Sources */,
				94C1711219D01D3000656EDB /* ASIAuthenticationDialog.m in Sources */,
				9759AFF019C184BD008EFCC2 /* Friend.m in Sources */,
				94F922B819CFC28700F96B09 /* ImageHelper.m in Sources */,
				94E3EA3C19C7069F00C38FEB /* FriendStore.m in Sources */,
				9766FC9B19BF30980089C89B /* LoginViewController.m in Sources */,
				94F922B519CFAE0F00F96B09 /* SettingsTableViewController.m in Sources */,
				945E933019D42065002EC733 /* CreateCommentViewController.m in Sources */,
				94B23BAE19C3F61B009896BE /* BookDetailTableViewController.m in Sources */,
				94E980A519CC74E100C7C1ED /* MessageLabelHelper.m in Sources */,
				97F65AC219AE0A7D00B9DC93 /* JsonDataFetcher.m in Sources */,
				9412E2F519A9FAC7008D243C /* Book.m in Sources */,
				97F65AC719AE0B1200B9DC93 /* DataConverter.m in Sources */,
				97C528A419BC761000388375 /* RegisterViewController.m in Sources */,
				94BB409019C184EC005BBD8E /* FriendBookTableViewCell.m in Sources */,
				94C1711519D01D3000656EDB /* ASIDownloadCache.m in Sources */,
				94E3EA3919C6EBF500C38FEB /* FriendsHasBookTableViewController.m in Sources */,
				9412E2FB19AA0D82008D243C /* BookTableViewCell.m in Sources */,
				97CE0A0419D6F0260071B414 /* CustomAlert.m in Sources */,
				97FF912919D13475006944BD /* ProvinceTableViewController.m in Sources */,
				94BB408D19C183E1005BBD8E /* FriendDetailTableViewController.m in Sources */,
				94E5039419BAF98E004CEBC6 /* UserStore.m in Sources */,
				94B25A8719C8457500BA93CA /* FriendHasBookTableViewCell.m in Sources */,
				9759AFF319C18B11008EFCC2 /* User.m in Sources */,
				97F973C619B5FBF4007AAD47 /* BookStore.m in Sources */,
				9476057919C06AC700FA8E74 /* FormatValidator.m in Sources */,
				94BB408819C17378005BBD8E /* FriendInfoTableViewCell.m in Sources */,
				94C1711419D01D3000656EDB /* ASIDataDecompressor.m in Sources */,
				9758DD5619D4196E003E0A9E /* BookCommentTableViewController.m in Sources */,
				9797378219E91A0B00CBDF29 /* DateHelper.m in Sources */,
				9471DBEF19A5837700F1A291 /* main.m in Sources */,
				9746071E19D8EE8500F6E03A /* ChangePhoneNumberViewController.m in Sources */,
				94C1711319D01D3000656EDB /* ASIDataCompressor.m in Sources */,
			);
			runOnlyForDeploymentPostprocessing = 0;
		};
		9471DBFE19A5837700F1A291 /* Sources */ = {
			isa = PBXSourcesBuildPhase;
			buildActionMask = 2147483647;
			files = (
				9471DC0919A5837700F1A291 /* JieShuQuanTests.m in Sources */,
			);
			runOnlyForDeploymentPostprocessing = 0;
		};
/* End PBXSourcesBuildPhase section */

/* Begin PBXTargetDependency section */
		9471DC0419A5837700F1A291 /* PBXTargetDependency */ = {
			isa = PBXTargetDependency;
			target = 9471DBE819A5837700F1A291 /* JieShuQuan */;
			targetProxy = 9471DC0319A5837700F1A291 /* PBXContainerItemProxy */;
		};
/* End PBXTargetDependency section */

/* Begin PBXVariantGroup section */
		9471DBF919A5837700F1A291 /* Main.storyboard */ = {
			isa = PBXVariantGroup;
			children = (
				9471DBFA19A5837700F1A291 /* Base */,
			);
			name = Main.storyboard;
			sourceTree = "<group>";
		};
		94E1A13B19DEBA4C004BB148 /* ShareSDKLocalizable.strings */ = {
			isa = PBXVariantGroup;
			children = (
				94E1A13C19DEBA4C004BB148 /* en */,
				94E1A13F19DEBA4C004BB148 /* zh-Hans */,
			);
			name = ShareSDKLocalizable.strings;
			sourceTree = "<group>";
		};
/* End PBXVariantGroup section */

/* Begin XCBuildConfiguration section */
		9471DC0A19A5837700F1A291 /* Debug */ = {
			isa = XCBuildConfiguration;
			buildSettings = {
				ALWAYS_SEARCH_USER_PATHS = NO;
				CLANG_CXX_LANGUAGE_STANDARD = "gnu++0x";
				CLANG_CXX_LIBRARY = "libc++";
				CLANG_ENABLE_MODULES = YES;
				CLANG_ENABLE_OBJC_ARC = YES;
				CLANG_WARN_BOOL_CONVERSION = YES;
				CLANG_WARN_CONSTANT_CONVERSION = YES;
				CLANG_WARN_DIRECT_OBJC_ISA_USAGE = YES_ERROR;
				CLANG_WARN_EMPTY_BODY = YES;
				CLANG_WARN_ENUM_CONVERSION = YES;
				CLANG_WARN_INT_CONVERSION = YES;
				CLANG_WARN_OBJC_ROOT_CLASS = YES_ERROR;
				CLANG_WARN_UNREACHABLE_CODE = YES;
				CLANG_WARN__DUPLICATE_METHOD_MATCH = YES;
				"CODE_SIGN_IDENTITY[sdk=iphoneos*]" = "iPhone Developer";
				COPY_PHASE_STRIP = NO;
				ENABLE_STRICT_OBJC_MSGSEND = YES;
				GCC_C_LANGUAGE_STANDARD = gnu99;
				GCC_DYNAMIC_NO_PIC = NO;
				GCC_OPTIMIZATION_LEVEL = 0;
				GCC_PREPROCESSOR_DEFINITIONS = (
					"DEBUG=1",
					"$(inherited)",
				);
				GCC_SYMBOLS_PRIVATE_EXTERN = NO;
				GCC_WARN_64_TO_32_BIT_CONVERSION = YES;
				GCC_WARN_ABOUT_RETURN_TYPE = YES_ERROR;
				GCC_WARN_UNDECLARED_SELECTOR = YES;
				GCC_WARN_UNINITIALIZED_AUTOS = YES_AGGRESSIVE;
				GCC_WARN_UNUSED_FUNCTION = YES;
				GCC_WARN_UNUSED_VARIABLE = YES;
				IPHONEOS_DEPLOYMENT_TARGET = 8.0;
				METAL_ENABLE_DEBUG_INFO = YES;
				ONLY_ACTIVE_ARCH = YES;
				SDKROOT = iphoneos8.0;
			};
			name = Debug;
		};
		9471DC0B19A5837700F1A291 /* Release */ = {
			isa = XCBuildConfiguration;
			buildSettings = {
				ALWAYS_SEARCH_USER_PATHS = NO;
				CLANG_CXX_LANGUAGE_STANDARD = "gnu++0x";
				CLANG_CXX_LIBRARY = "libc++";
				CLANG_ENABLE_MODULES = YES;
				CLANG_ENABLE_OBJC_ARC = YES;
				CLANG_WARN_BOOL_CONVERSION = YES;
				CLANG_WARN_CONSTANT_CONVERSION = YES;
				CLANG_WARN_DIRECT_OBJC_ISA_USAGE = YES_ERROR;
				CLANG_WARN_EMPTY_BODY = YES;
				CLANG_WARN_ENUM_CONVERSION = YES;
				CLANG_WARN_INT_CONVERSION = YES;
				CLANG_WARN_OBJC_ROOT_CLASS = YES_ERROR;
				CLANG_WARN_UNREACHABLE_CODE = YES;
				CLANG_WARN__DUPLICATE_METHOD_MATCH = YES;
				"CODE_SIGN_IDENTITY[sdk=iphoneos*]" = "iPhone Developer";
				COPY_PHASE_STRIP = YES;
				ENABLE_NS_ASSERTIONS = NO;
				ENABLE_STRICT_OBJC_MSGSEND = YES;
				GCC_C_LANGUAGE_STANDARD = gnu99;
				GCC_WARN_64_TO_32_BIT_CONVERSION = YES;
				GCC_WARN_ABOUT_RETURN_TYPE = YES_ERROR;
				GCC_WARN_UNDECLARED_SELECTOR = YES;
				GCC_WARN_UNINITIALIZED_AUTOS = YES_AGGRESSIVE;
				GCC_WARN_UNUSED_FUNCTION = YES;
				GCC_WARN_UNUSED_VARIABLE = YES;
				IPHONEOS_DEPLOYMENT_TARGET = 8.0;
				METAL_ENABLE_DEBUG_INFO = NO;
				SDKROOT = iphoneos8.0;
				VALIDATE_PRODUCT = YES;
			};
			name = Release;
		};
		9471DC0D19A5837700F1A291 /* Debug */ = {
			isa = XCBuildConfiguration;
			baseConfigurationReference = 867F1904ABF9491EBD0C1D65 /* Pods.xcconfig */;
			buildSettings = {
				ASSETCATALOG_COMPILER_APPICON_NAME = AppIcon;
				ASSETCATALOG_COMPILER_LAUNCHIMAGE_NAME = LaunchImage;
				CODE_SIGN_IDENTITY = "iPhone Developer";
				"CODE_SIGN_IDENTITY[sdk=iphoneos*]" = "iPhone Developer";
				FRAMEWORK_SEARCH_PATHS = (
					"$(inherited)",
					"$(PROJECT_DIR)/JieShuQuan/ShareSDK/Connection",
					"$(PROJECT_DIR)/JieShuQuan/ShareSDK/Core",
					"$(PROJECT_DIR)/JieShuQuan/ShareSDK",
					"$(PROJECT_DIR)/JieShuQuan/ShareSDK/UI",
				);
				HEADER_SEARCH_PATHS = (
					"\"${PODS_ROOT}/Headers\"",
					"\"${PODS_ROOT}/Headers/SDWebImage\"",
					"${SDK_DIR}/usr/include/libxml2",
				);
				INFOPLIST_FILE = JieShuQuan/Info.plist;
				IPHONEOS_DEPLOYMENT_TARGET = 7.0;
				LD_RUNPATH_SEARCH_PATHS = "$(inherited) @executable_path/Frameworks";
				LIBRARY_SEARCH_PATHS = (
					"$(inherited)",
					/Users/jnzheng/IOS/projects/ReaderSample/ReaderSample/LibzBar,
					"$(PROJECT_DIR)/LibzBar",
					"$(PROJECT_DIR)/ZBarSDK",
					"$(PROJECT_DIR)/Pods/build/Debug-iphoneos",
					"$(PROJECT_DIR)",
					"$(PROJECT_DIR)/JieShuQuan/ShareSDK/Extend/WeChatSDK",
					"$(PROJECT_DIR)/JieShuQuan/LibzBar",
				);
				PRODUCT_NAME = "$(TARGET_NAME)";
				PROVISIONING_PROFILE = "";
				SDKROOT = iphoneos8.0;
			};
			name = Debug;
		};
		9471DC0E19A5837700F1A291 /* Release */ = {
			isa = XCBuildConfiguration;
			baseConfigurationReference = 867F1904ABF9491EBD0C1D65 /* Pods.xcconfig */;
			buildSettings = {
				ASSETCATALOG_COMPILER_APPICON_NAME = AppIcon;
				ASSETCATALOG_COMPILER_LAUNCHIMAGE_NAME = LaunchImage;
				CODE_SIGN_IDENTITY = "iPhone Developer";
				"CODE_SIGN_IDENTITY[sdk=iphoneos*]" = "iPhone Developer";
				FRAMEWORK_SEARCH_PATHS = (
					"$(inherited)",
					"$(PROJECT_DIR)/JieShuQuan/ShareSDK/Connection",
					"$(PROJECT_DIR)/JieShuQuan/ShareSDK/Core",
					"$(PROJECT_DIR)/JieShuQuan/ShareSDK",
					"$(PROJECT_DIR)/JieShuQuan/ShareSDK/UI",
				);
				HEADER_SEARCH_PATHS = (
					"\"${PODS_ROOT}/Headers\"",
					"\"${PODS_ROOT}/Headers/SDWebImage\"",
					"${SDK_DIR}/usr/include/libxml2",
				);
				INFOPLIST_FILE = JieShuQuan/Info.plist;
				IPHONEOS_DEPLOYMENT_TARGET = 7.0;
				LD_RUNPATH_SEARCH_PATHS = "$(inherited) @executable_path/Frameworks";
				LIBRARY_SEARCH_PATHS = (
					"$(inherited)",
					/Users/jnzheng/IOS/projects/ReaderSample/ReaderSample/LibzBar,
					"$(PROJECT_DIR)/LibzBar",
					"$(PROJECT_DIR)/ZBarSDK",
					"$(PROJECT_DIR)/Pods/build/Debug-iphoneos",
					"$(PROJECT_DIR)",
					"$(PROJECT_DIR)/JieShuQuan/ShareSDK/Extend/WeChatSDK",
					"$(PROJECT_DIR)/JieShuQuan/LibzBar",
				);
				PRODUCT_NAME = "$(TARGET_NAME)";
				PROVISIONING_PROFILE = "";
				SDKROOT = iphoneos8.0;
			};
			name = Release;
		};
		9471DC1019A5837700F1A291 /* Debug */ = {
			isa = XCBuildConfiguration;
			buildSettings = {
				BUNDLE_LOADER = "$(BUILT_PRODUCTS_DIR)/JieShuQuan.app/JieShuQuan";
				FRAMEWORK_SEARCH_PATHS = (
					"$(SDKROOT)/Developer/Library/Frameworks",
					"$(inherited)",
				);
				GCC_PREPROCESSOR_DEFINITIONS = (
					"DEBUG=1",
					"$(inherited)",
				);
				INFOPLIST_FILE = JieShuQuanTests/Info.plist;
				LD_RUNPATH_SEARCH_PATHS = "$(inherited) @executable_path/Frameworks @loader_path/Frameworks";
				METAL_ENABLE_DEBUG_INFO = YES;
				PRODUCT_NAME = "$(TARGET_NAME)";
				TEST_HOST = "$(BUNDLE_LOADER)";
			};
			name = Debug;
		};
		9471DC1119A5837700F1A291 /* Release */ = {
			isa = XCBuildConfiguration;
			buildSettings = {
				BUNDLE_LOADER = "$(BUILT_PRODUCTS_DIR)/JieShuQuan.app/JieShuQuan";
				FRAMEWORK_SEARCH_PATHS = (
					"$(SDKROOT)/Developer/Library/Frameworks",
					"$(inherited)",
				);
				INFOPLIST_FILE = JieShuQuanTests/Info.plist;
				LD_RUNPATH_SEARCH_PATHS = "$(inherited) @executable_path/Frameworks @loader_path/Frameworks";
				METAL_ENABLE_DEBUG_INFO = NO;
				PRODUCT_NAME = "$(TARGET_NAME)";
				TEST_HOST = "$(BUNDLE_LOADER)";
			};
			name = Release;
		};
/* End XCBuildConfiguration section */

/* Begin XCConfigurationList section */
		9471DBE419A5837700F1A291 /* Build configuration list for PBXProject "JieShuQuan" */ = {
			isa = XCConfigurationList;
			buildConfigurations = (
				9471DC0A19A5837700F1A291 /* Debug */,
				9471DC0B19A5837700F1A291 /* Release */,
			);
			defaultConfigurationIsVisible = 0;
			defaultConfigurationName = Release;
		};
		9471DC0C19A5837700F1A291 /* Build configuration list for PBXNativeTarget "JieShuQuan" */ = {
			isa = XCConfigurationList;
			buildConfigurations = (
				9471DC0D19A5837700F1A291 /* Debug */,
				9471DC0E19A5837700F1A291 /* Release */,
			);
			defaultConfigurationIsVisible = 0;
			defaultConfigurationName = Release;
		};
		9471DC0F19A5837700F1A291 /* Build configuration list for PBXNativeTarget "JieShuQuanTests" */ = {
			isa = XCConfigurationList;
			buildConfigurations = (
				9471DC1019A5837700F1A291 /* Debug */,
				9471DC1119A5837700F1A291 /* Release */,
			);
			defaultConfigurationIsVisible = 0;
			defaultConfigurationName = Release;
		};
/* End XCConfigurationList section */

/* Begin XCVersionGroup section */
		9471DBF319A5837700F1A291 /* JieShuQuan.xcdatamodeld */ = {
			isa = XCVersionGroup;
			children = (
				9471DBF419A5837700F1A291 /* JieShuQuan.xcdatamodel */,
			);
			currentVersion = 9471DBF419A5837700F1A291 /* JieShuQuan.xcdatamodel */;
			path = JieShuQuan.xcdatamodeld;
			sourceTree = "<group>";
			versionGroupType = wrapper.xcdatamodel;
		};
/* End XCVersionGroup section */
	};
	rootObject = 9471DBE119A5837700F1A291 /* Project object */;
}
